// !$*UTF8*$!
{
	archiveVersion = 1;
	classes = {
	};
	objectVersion = 71;
	objects = {

/* Begin PBXBuildFile section */
		7D2314522D4CC7070083E47B /* RootNavigator in Frameworks */ = {isa = PBXBuildFile; productRef = 7D2314512D4CC7070083E47B /* RootNavigator */; };
		7D29073F2D4CE42A001A4A4D /* TmdbApi in Frameworks */ = {isa = PBXBuildFile; productRef = 7D8F4DDD2D47EED500635AE0 /* TmdbApi */; };
		7D2907402D4CE42A001A4A4D /* Domain in Frameworks */ = {isa = PBXBuildFile; productRef = 7D8F4DE42D47F60D00635AE0 /* Domain */; };
		7D62BAC42D4CA3000041185E /* DesignSystem in Frameworks */ = {isa = PBXBuildFile; productRef = 7D62BAC32D4CA3000041185E /* DesignSystem */; };
		7D8F4DDA2D4750AD00635AE0 /* Core in Frameworks */ = {isa = PBXBuildFile; productRef = 7D8F4DD92D4750AD00635AE0 /* Core */; };
		7D8F4DDC2D4750AD00635AE0 /* Models in Frameworks */ = {isa = PBXBuildFile; productRef = 7D8F4DDB2D4750AD00635AE0 /* Models */; };
		7DC12FC22D4D661F00FB62F3 /* Assets.xcassets in Resources */ = {isa = PBXBuildFile; fileRef = 7DC12FC12D4D65D200FB62F3 /* Assets.xcassets */; };
		7DE17DC62AFE0325005F4848 /* ComposableArchitecture in Frameworks */ = {isa = PBXBuildFile; productRef = 7DE17DC52AFE0325005F4848 /* ComposableArchitecture */; };
/* End PBXBuildFile section */

/* Begin PBXFileReference section */
		7D23144B2D4CBD510083E47B /* Info.plist */ = {isa = PBXFileReference; lastKnownFileType = text.plist.xml; path = Info.plist; sourceTree = "<group>"; };
		7D4A0DF42D4BDB7D004A80CF /* Presentation */ = {isa = PBXFileReference; lastKnownFileType = wrapper; path = Presentation; sourceTree = "<group>"; };
		7D8F4DD62D474C6400635AE0 /* Data */ = {isa = PBXFileReference; lastKnownFileType = wrapper; path = Data; sourceTree = "<group>"; };
		7D8F4DD72D474DD300635AE0 /* Core */ = {isa = PBXFileReference; lastKnownFileType = wrapper; path = Core; sourceTree = "<group>"; };
		7D8F4DE32D47F57100635AE0 /* Domain */ = {isa = PBXFileReference; lastKnownFileType = wrapper; path = Domain; sourceTree = "<group>"; };
		7DC12FC12D4D65D200FB62F3 /* Assets.xcassets */ = {isa = PBXFileReference; lastKnownFileType = folder.assetcatalog; path = Assets.xcassets; sourceTree = "<group>"; };
		7DD6D96A2AF943B7004828AB /* Movies-TCA.app */ = {isa = PBXFileReference; explicitFileType = wrapper.application; includeInIndex = 0; path = "Movies-TCA.app"; sourceTree = BUILT_PRODUCTS_DIR; };
/* End PBXFileReference section */

/* Begin PBXFileSystemSynchronizedBuildFileExceptionSet section */
		7D2314592D4CC72B0083E47B /* PBXFileSystemSynchronizedBuildFileExceptionSet */ = {
			isa = PBXFileSystemSynchronizedBuildFileExceptionSet;
			membershipExceptions = (
				Localizable.xcstrings,
			);
			target = 7DD6D9692AF943B7004828AB /* Movies-TCA */;
		};
		7D3A73AE2D4CE31A0005C6D2 /* PBXFileSystemSynchronizedBuildFileExceptionSet */ = {
			isa = PBXFileSystemSynchronizedBuildFileExceptionSet;
			membershipExceptions = (
				AppDelegate.swift,
				MoviesApp.swift,
				SceneDelegate.swift,
			);
			target = 7DD6D9692AF943B7004828AB /* Movies-TCA */;
		};
/* End PBXFileSystemSynchronizedBuildFileExceptionSet section */

/* Begin PBXFileSystemSynchronizedRootGroup section */
		7D2314552D4CC72B0083E47B /* Config */ = {isa = PBXFileSystemSynchronizedRootGroup; explicitFileTypes = {}; explicitFolders = (); path = Config; sourceTree = "<group>"; };
		7D2314572D4CC72B0083E47B /* Localization */ = {isa = PBXFileSystemSynchronizedRootGroup; exceptions = (7D2314592D4CC72B0083E47B /* PBXFileSystemSynchronizedBuildFileExceptionSet */, ); explicitFileTypes = {}; explicitFolders = (); path = Localization; sourceTree = "<group>"; };
		7D3A73AD2D4CE31A0005C6D2 /* App */ = {isa = PBXFileSystemSynchronizedRootGroup; exceptions = (7D3A73AE2D4CE31A0005C6D2 /* PBXFileSystemSynchronizedBuildFileExceptionSet */, ); explicitFileTypes = {}; explicitFolders = (); path = App; sourceTree = "<group>"; };
/* End PBXFileSystemSynchronizedRootGroup section */

/* Begin PBXFrameworksBuildPhase section */
		7DD6D9672AF943B7004828AB /* Frameworks */ = {
			isa = PBXFrameworksBuildPhase;
			buildActionMask = 2147483647;
			files = (
				7D2907402D4CE42A001A4A4D /* Domain in Frameworks */,
				7D29073F2D4CE42A001A4A4D /* TmdbApi in Frameworks */,
				7D8F4DDC2D4750AD00635AE0 /* Models in Frameworks */,
				7D62BAC42D4CA3000041185E /* DesignSystem in Frameworks */,
				7D8F4DDA2D4750AD00635AE0 /* Core in Frameworks */,
				7D2314522D4CC7070083E47B /* RootNavigator in Frameworks */,
				7DE17DC62AFE0325005F4848 /* ComposableArchitecture in Frameworks */,
			);
			runOnlyForDeploymentPostprocessing = 0;
		};
/* End PBXFrameworksBuildPhase section */

/* Begin PBXGroup section */
		7D8F4DD82D4750AD00635AE0 /* Frameworks */ = {
			isa = PBXGroup;
			children = (
			);
			name = Frameworks;
			sourceTree = "<group>";
		};
		7DD6D9612AF943B7004828AB = {
			isa = PBXGroup;
			children = (
				7D8F4DD72D474DD300635AE0 /* Core */,
				7D8F4DD62D474C6400635AE0 /* Data */,
				7D8F4DE32D47F57100635AE0 /* Domain */,
				7D4A0DF42D4BDB7D004A80CF /* Presentation */,
				7DD6D96C2AF943B7004828AB /* Movies-TCA */,
				7D8F4DD82D4750AD00635AE0 /* Frameworks */,
				7DD6D96B2AF943B7004828AB /* Products */,
			);
			sourceTree = "<group>";
		};
		7DD6D96B2AF943B7004828AB /* Products */ = {
			isa = PBXGroup;
			children = (
				7DD6D96A2AF943B7004828AB /* Movies-TCA.app */,
			);
			name = Products;
			sourceTree = "<group>";
		};
		7DD6D96C2AF943B7004828AB /* Movies-TCA */ = {
			isa = PBXGroup;
			children = (
				7D23144B2D4CBD510083E47B /* Info.plist */,
				7D3A73AD2D4CE31A0005C6D2 /* App */,
				7D2314552D4CC72B0083E47B /* Config */,
				7D2314572D4CC72B0083E47B /* Localization */,
				7DC12FC12D4D65D200FB62F3 /* Assets.xcassets */,
			);
			path = "Movies-TCA";
			sourceTree = "<group>";
		};
/* End PBXGroup section */

/* Begin PBXNativeTarget section */
		7DD6D9692AF943B7004828AB /* Movies-TCA */ = {
			isa = PBXNativeTarget;
			buildConfigurationList = 7DD6D9782AF943B8004828AB /* Build configuration list for PBXNativeTarget "Movies-TCA" */;
			buildPhases = (
				7DD6D9662AF943B7004828AB /* Sources */,
				7DD6D9672AF943B7004828AB /* Frameworks */,
				7DD6D9682AF943B7004828AB /* Resources */,
			);
			buildRules = (
			);
			dependencies = (
			);
			name = "Movies-TCA";
			packageProductDependencies = (
				7DE17DC52AFE0325005F4848 /* ComposableArchitecture */,
				7D8F4DD92D4750AD00635AE0 /* Core */,
				7D8F4DDB2D4750AD00635AE0 /* Models */,
				7D8F4DDD2D47EED500635AE0 /* TmdbApi */,
				7D8F4DE42D47F60D00635AE0 /* Domain */,
				7D62BAC32D4CA3000041185E /* DesignSystem */,
				7D2314512D4CC7070083E47B /* RootNavigator */,
			);
			productName = "Movies-TCA";
			productReference = 7DD6D96A2AF943B7004828AB /* Movies-TCA.app */;
			productType = "com.apple.product-type.application";
		};
/* End PBXNativeTarget section */

/* Begin PBXProject section */
		7DD6D9622AF943B7004828AB /* Project object */ = {
			isa = PBXProject;
			attributes = {
				BuildIndependentTargetsInParallel = 1;
				LastSwiftUpdateCheck = 1500;
				LastUpgradeCheck = 2600;
				TargetAttributes = {
					7DD6D9692AF943B7004828AB = {
						CreatedOnToolsVersion = 15.0;
					};
				};
			};
			buildConfigurationList = 7DD6D9652AF943B7004828AB /* Build configuration list for PBXProject "Movies-TCA" */;
			compatibilityVersion = "Xcode 14.0";
			developmentRegion = en;
			hasScannedForEncodings = 0;
			knownRegions = (
				en,
				Base,
				he,
			);
			mainGroup = 7DD6D9612AF943B7004828AB;
			packageReferences = (
				7DE17DC42AFE0325005F4848 /* XCRemoteSwiftPackageReference "swift-composable-architecture" */,
			);
			productRefGroup = 7DD6D96B2AF943B7004828AB /* Products */;
			projectDirPath = "";
			projectRoot = "";
			targets = (
				7DD6D9692AF943B7004828AB /* Movies-TCA */,
			);
		};
/* End PBXProject section */

/* Begin PBXResourcesBuildPhase section */
		7DD6D9682AF943B7004828AB /* Resources */ = {
			isa = PBXResourcesBuildPhase;
			buildActionMask = 2147483647;
			files = (
				7DC12FC22D4D661F00FB62F3 /* Assets.xcassets in Resources */,
			);
			runOnlyForDeploymentPostprocessing = 0;
		};
/* End PBXResourcesBuildPhase section */

/* Begin PBXSourcesBuildPhase section */
		7DD6D9662AF943B7004828AB /* Sources */ = {
			isa = PBXSourcesBuildPhase;
			buildActionMask = 2147483647;
			files = (
			);
			runOnlyForDeploymentPostprocessing = 0;
		};
/* End PBXSourcesBuildPhase section */

/* Begin XCBuildConfiguration section */
		7DD6D9762AF943B8004828AB /* Debug */ = {
			isa = XCBuildConfiguration;
			baseConfigurationReferenceAnchor = 7D2314552D4CC72B0083E47B /* Config */;
			baseConfigurationReferenceRelativePath = Debug.xcconfig;
			buildSettings = {
				ALWAYS_SEARCH_USER_PATHS = NO;
				ASSETCATALOG_COMPILER_GENERATE_SWIFT_ASSET_SYMBOL_EXTENSIONS = YES;
				CLANG_ANALYZER_LOCALIZABILITY_NONLOCALIZED = YES;
				CLANG_ANALYZER_NONNULL = YES;
				CLANG_ANALYZER_NUMBER_OBJECT_CONVERSION = YES_AGGRESSIVE;
				CLANG_CXX_LANGUAGE_STANDARD = "gnu++20";
				CLANG_ENABLE_MODULES = YES;
				CLANG_ENABLE_OBJC_ARC = YES;
				CLANG_ENABLE_OBJC_WEAK = YES;
				CLANG_WARN_BLOCK_CAPTURE_AUTORELEASING = YES;
				CLANG_WARN_BOOL_CONVERSION = YES;
				CLANG_WARN_COMMA = YES;
				CLANG_WARN_CONSTANT_CONVERSION = YES;
				CLANG_WARN_DEPRECATED_OBJC_IMPLEMENTATIONS = YES;
				CLANG_WARN_DIRECT_OBJC_ISA_USAGE = YES_ERROR;
				CLANG_WARN_DOCUMENTATION_COMMENTS = YES;
				CLANG_WARN_EMPTY_BODY = YES;
				CLANG_WARN_ENUM_CONVERSION = YES;
				CLANG_WARN_INFINITE_RECURSION = YES;
				CLANG_WARN_INT_CONVERSION = YES;
				CLANG_WARN_NON_LITERAL_NULL_CONVERSION = YES;
				CLANG_WARN_OBJC_IMPLICIT_RETAIN_SELF = YES;
				CLANG_WARN_OBJC_LITERAL_CONVERSION = YES;
				CLANG_WARN_OBJC_ROOT_CLASS = YES_ERROR;
				CLANG_WARN_QUOTED_INCLUDE_IN_FRAMEWORK_HEADER = YES;
				CLANG_WARN_RANGE_LOOP_ANALYSIS = YES;
				CLANG_WARN_STRICT_PROTOTYPES = YES;
				CLANG_WARN_SUSPICIOUS_MOVE = YES;
				CLANG_WARN_UNGUARDED_AVAILABILITY = YES_AGGRESSIVE;
				CLANG_WARN_UNREACHABLE_CODE = YES;
				CLANG_WARN__DUPLICATE_METHOD_MATCH = YES;
				COPY_PHASE_STRIP = NO;
				DEBUG_INFORMATION_FORMAT = dwarf;
				DEVELOPMENT_TEAM = 765F9357QN;
				ENABLE_STRICT_OBJC_MSGSEND = YES;
				ENABLE_TESTABILITY = YES;
				ENABLE_USER_SCRIPT_SANDBOXING = YES;
				GCC_C_LANGUAGE_STANDARD = gnu17;
				GCC_DYNAMIC_NO_PIC = NO;
				GCC_NO_COMMON_BLOCKS = YES;
				GCC_OPTIMIZATION_LEVEL = 0;
				GCC_PREPROCESSOR_DEFINITIONS = (
					"DEBUG=1",
					"$(inherited)",
				);
				GCC_WARN_64_TO_32_BIT_CONVERSION = YES;
				GCC_WARN_ABOUT_RETURN_TYPE = YES_ERROR;
				GCC_WARN_UNDECLARED_SELECTOR = YES;
				GCC_WARN_UNINITIALIZED_AUTOS = YES_AGGRESSIVE;
				GCC_WARN_UNUSED_FUNCTION = YES;
				GCC_WARN_UNUSED_VARIABLE = YES;
				IPHONEOS_DEPLOYMENT_TARGET = 17.0;
				LOCALIZATION_PREFERS_STRING_CATALOGS = YES;
				MTL_ENABLE_DEBUG_INFO = INCLUDE_SOURCE;
				MTL_FAST_MATH = YES;
				ONLY_ACTIVE_ARCH = YES;
				SDKROOT = iphoneos;
				STRING_CATALOG_GENERATE_SYMBOLS = YES;
				SWIFT_ACTIVE_COMPILATION_CONDITIONS = "DEBUG $(inherited)";
				SWIFT_OPTIMIZATION_LEVEL = "-Onone";
				SWIFT_STRICT_CONCURRENCY = complete;
				SWIFT_VERSION = 5.0;
			};
			name = Debug;
		};
		7DD6D9772AF943B8004828AB /* Release */ = {
			isa = XCBuildConfiguration;
			baseConfigurationReferenceAnchor = 7D2314552D4CC72B0083E47B /* Config */;
			baseConfigurationReferenceRelativePath = Release.xcconfig;
			buildSettings = {
				ALWAYS_SEARCH_USER_PATHS = NO;
				ASSETCATALOG_COMPILER_GENERATE_SWIFT_ASSET_SYMBOL_EXTENSIONS = YES;
				CLANG_ANALYZER_LOCALIZABILITY_NONLOCALIZED = YES;
				CLANG_ANALYZER_NONNULL = YES;
				CLANG_ANALYZER_NUMBER_OBJECT_CONVERSION = YES_AGGRESSIVE;
				CLANG_CXX_LANGUAGE_STANDARD = "gnu++20";
				CLANG_ENABLE_MODULES = YES;
				CLANG_ENABLE_OBJC_ARC = YES;
				CLANG_ENABLE_OBJC_WEAK = YES;
				CLANG_WARN_BLOCK_CAPTURE_AUTORELEASING = YES;
				CLANG_WARN_BOOL_CONVERSION = YES;
				CLANG_WARN_COMMA = YES;
				CLANG_WARN_CONSTANT_CONVERSION = YES;
				CLANG_WARN_DEPRECATED_OBJC_IMPLEMENTATIONS = YES;
				CLANG_WARN_DIRECT_OBJC_ISA_USAGE = YES_ERROR;
				CLANG_WARN_DOCUMENTATION_COMMENTS = YES;
				CLANG_WARN_EMPTY_BODY = YES;
				CLANG_WARN_ENUM_CONVERSION = YES;
				CLANG_WARN_INFINITE_RECURSION = YES;
				CLANG_WARN_INT_CONVERSION = YES;
				CLANG_WARN_NON_LITERAL_NULL_CONVERSION = YES;
				CLANG_WARN_OBJC_IMPLICIT_RETAIN_SELF = YES;
				CLANG_WARN_OBJC_LITERAL_CONVERSION = YES;
				CLANG_WARN_OBJC_ROOT_CLASS = YES_ERROR;
				CLANG_WARN_QUOTED_INCLUDE_IN_FRAMEWORK_HEADER = YES;
				CLANG_WARN_RANGE_LOOP_ANALYSIS = YES;
				CLANG_WARN_STRICT_PROTOTYPES = YES;
				CLANG_WARN_SUSPICIOUS_MOVE = YES;
				CLANG_WARN_UNGUARDED_AVAILABILITY = YES_AGGRESSIVE;
				CLANG_WARN_UNREACHABLE_CODE = YES;
				CLANG_WARN__DUPLICATE_METHOD_MATCH = YES;
				COPY_PHASE_STRIP = NO;
				DEBUG_INFORMATION_FORMAT = "dwarf-with-dsym";
				DEVELOPMENT_TEAM = 765F9357QN;
				ENABLE_NS_ASSERTIONS = NO;
				ENABLE_STRICT_OBJC_MSGSEND = YES;
				ENABLE_USER_SCRIPT_SANDBOXING = YES;
				GCC_C_LANGUAGE_STANDARD = gnu17;
				GCC_NO_COMMON_BLOCKS = YES;
				GCC_WARN_64_TO_32_BIT_CONVERSION = YES;
				GCC_WARN_ABOUT_RETURN_TYPE = YES_ERROR;
				GCC_WARN_UNDECLARED_SELECTOR = YES;
				GCC_WARN_UNINITIALIZED_AUTOS = YES_AGGRESSIVE;
				GCC_WARN_UNUSED_FUNCTION = YES;
				GCC_WARN_UNUSED_VARIABLE = YES;
				IPHONEOS_DEPLOYMENT_TARGET = 17.0;
				LOCALIZATION_PREFERS_STRING_CATALOGS = YES;
				MTL_ENABLE_DEBUG_INFO = NO;
				MTL_FAST_MATH = YES;
				SDKROOT = iphoneos;
				STRING_CATALOG_GENERATE_SYMBOLS = YES;
				SWIFT_COMPILATION_MODE = wholemodule;
				SWIFT_STRICT_CONCURRENCY = complete;
				SWIFT_VERSION = 5.0;
				VALIDATE_PRODUCT = YES;
			};
			name = Release;
		};
		7DD6D9792AF943B8004828AB /* Debug */ = {
			isa = XCBuildConfiguration;
			buildSettings = {
				ASSETCATALOG_COMPILER_APPICON_NAME = AppIcon;
				ASSETCATALOG_COMPILER_GLOBAL_ACCENT_COLOR_NAME = AccentColor;
				CODE_SIGN_STYLE = Automatic;
				CURRENT_PROJECT_VERSION = 1;
				DEVELOPMENT_ASSET_PATHS = "\"Presentation/Sources/DesignSystem/Resources/Preview Content\"";
				ENABLE_PREVIEWS = YES;
				GENERATE_INFOPLIST_FILE = YES;
				INFOPLIST_FILE = "Movies-TCA/Info.plist";
				INFOPLIST_KEY_LSApplicationCategoryType = "";
				INFOPLIST_KEY_UIApplicationSceneManifest_Generation = YES;
				INFOPLIST_KEY_UIApplicationSupportsIndirectInputEvents = YES;
				INFOPLIST_KEY_UISupportedInterfaceOrientations = UIInterfaceOrientationPortrait;
				INFOPLIST_KEY_UISupportedInterfaceOrientations_iPad = "UIInterfaceOrientationLandscapeLeft UIInterfaceOrientationLandscapeRight UIInterfaceOrientationPortrait UIInterfaceOrientationPortraitUpsideDown";
				IPHONEOS_DEPLOYMENT_TARGET = 26.0;
				LD_RUNPATH_SEARCH_PATHS = (
					"$(inherited)",
					"@executable_path/Frameworks",
				);
				MARKETING_VERSION = 1.0;
				PRODUCT_BUNDLE_IDENTIFIER = "com.tt.Movies-TCA";
				PRODUCT_NAME = "$(TARGET_NAME)";
				SWIFT_EMIT_LOC_STRINGS = YES;
				SWIFT_VERSION = 6.0;
				TARGETED_DEVICE_FAMILY = "1,2";
			};
			name = Debug;
		};
		7DD6D97A2AF943B8004828AB /* Release */ = {
			isa = XCBuildConfiguration;
			buildSettings = {
				ASSETCATALOG_COMPILER_APPICON_NAME = AppIcon;
				ASSETCATALOG_COMPILER_GLOBAL_ACCENT_COLOR_NAME = AccentColor;
				CODE_SIGN_STYLE = Automatic;
				CURRENT_PROJECT_VERSION = 1;
				DEVELOPMENT_ASSET_PATHS = "\"Presentation/Sources/DesignSystem/Resources/Preview Content\"";
				ENABLE_PREVIEWS = YES;
				GENERATE_INFOPLIST_FILE = YES;
				INFOPLIST_FILE = "Movies-TCA/Info.plist";
				INFOPLIST_KEY_LSApplicationCategoryType = "";
				INFOPLIST_KEY_UIApplicationSceneManifest_Generation = YES;
				INFOPLIST_KEY_UIApplicationSupportsIndirectInputEvents = YES;
				INFOPLIST_KEY_UISupportedInterfaceOrientations = UIInterfaceOrientationPortrait;
				INFOPLIST_KEY_UISupportedInterfaceOrientations_iPad = "UIInterfaceOrientationLandscapeLeft UIInterfaceOrientationLandscapeRight UIInterfaceOrientationPortrait UIInterfaceOrientationPortraitUpsideDown";
				IPHONEOS_DEPLOYMENT_TARGET = 26.0;
				LD_RUNPATH_SEARCH_PATHS = (
					"$(inherited)",
					"@executable_path/Frameworks",
				);
				MARKETING_VERSION = 1.0;
				PRODUCT_BUNDLE_IDENTIFIER = "com.tt.Movies-TCA";
				PRODUCT_NAME = "$(TARGET_NAME)";
				SWIFT_EMIT_LOC_STRINGS = YES;
				SWIFT_VERSION = 6.0;
				TARGETED_DEVICE_FAMILY = "1,2";
			};
			name = Release;
		};
/* End XCBuildConfiguration section */

/* Begin XCConfigurationList section */
		7DD6D9652AF943B7004828AB /* Build configuration list for PBXProject "Movies-TCA" */ = {
			isa = XCConfigurationList;
			buildConfigurations = (
				7DD6D9762AF943B8004828AB /* Debug */,
				7DD6D9772AF943B8004828AB /* Release */,
			);
			defaultConfigurationIsVisible = 0;
			defaultConfigurationName = Release;
		};
		7DD6D9782AF943B8004828AB /* Build configuration list for PBXNativeTarget "Movies-TCA" */ = {
			isa = XCConfigurationList;
			buildConfigurations = (
				7DD6D9792AF943B8004828AB /* Debug */,
				7DD6D97A2AF943B8004828AB /* Release */,
			);
			defaultConfigurationIsVisible = 0;
			defaultConfigurationName = Release;
		};
/* End XCConfigurationList section */

/* Begin XCRemoteSwiftPackageReference section */
		7DE17DC42AFE0325005F4848 /* XCRemoteSwiftPackageReference "swift-composable-architecture" */ = {
			isa = XCRemoteSwiftPackageReference;
			repositoryURL = "https://github.com/pointfreeco/swift-composable-architecture";
			requirement = {
				kind = upToNextMinorVersion;
				minimumVersion = 1.20.2;
			};
		};
/* End XCRemoteSwiftPackageReference section */

/* Begin XCSwiftPackageProductDependency section */
		7D2314512D4CC7070083E47B /* RootNavigator */ = {
			isa = XCSwiftPackageProductDependency;
			productName = RootNavigator;
		};
		7D62BAC32D4CA3000041185E /* DesignSystem */ = {
			isa = XCSwiftPackageProductDependency;
			productName = DesignSystem;
		};
		7D8F4DD92D4750AD00635AE0 /* Core */ = {
			isa = XCSwiftPackageProductDependency;
			productName = Core;
		};
		7D8F4DDB2D4750AD00635AE0 /* Models */ = {
			isa = XCSwiftPackageProductDependency;
			productName = Models;
		};
		7D8F4DDD2D47EED500635AE0 /* TmdbApi */ = {
			isa = XCSwiftPackageProductDependency;
			productName = TmdbApi;
		};
		7D8F4DE42D47F60D00635AE0 /* Domain */ = {
			isa = XCSwiftPackageProductDependency;
			productName = Domain;
		};
		7DE17DC52AFE0325005F4848 /* ComposableArchitecture */ = {
			isa = XCSwiftPackageProductDependency;
			package = 7DE17DC42AFE0325005F4848 /* XCRemoteSwiftPackageReference "swift-composable-architecture" */;
			productName = ComposableArchitecture;
		};
/* End XCSwiftPackageProductDependency section */
	};
	rootObject = 7DD6D9622AF943B7004828AB /* Project object */;
}
