// !$*UTF8*$!
{
	archiveVersion = 1;
	classes = {
	};
	objectVersion = 56;
	objects = {

/* Begin PBXBuildFile section */
		7DD6D96E2AF943B7004828AB /* MoviesApp.swift in Sources */ = {isa = PBXBuildFile; fileRef = 7DD6D96D2AF943B7004828AB /* MoviesApp.swift */; };
		7DD6D9702AF943B7004828AB /* HomeView.swift in Sources */ = {isa = PBXBuildFile; fileRef = 7DD6D96F2AF943B7004828AB /* HomeView.swift */; };
		7DD6D9722AF943B8004828AB /* Assets.xcassets in Resources */ = {isa = PBXBuildFile; fileRef = 7DD6D9712AF943B8004828AB /* Assets.xcassets */; };
		7DD6D9752AF943B8004828AB /* Preview Assets.xcassets in Resources */ = {isa = PBXBuildFile; fileRef = 7DD6D9742AF943B8004828AB /* Preview Assets.xcassets */; };
		7DE17DC62AFE0325005F4848 /* ComposableArchitecture in Frameworks */ = {isa = PBXBuildFile; productRef = 7DE17DC52AFE0325005F4848 /* ComposableArchitecture */; };
		7DE17DD42AFE0BC1005F4848 /* OnFirstAppear.swift in Sources */ = {isa = PBXBuildFile; fileRef = 7DE17DD32AFE0BC1005F4848 /* OnFirstAppear.swift */; };
		7DE17DD62AFFB980005F4848 /* HomeFeature.swift in Sources */ = {isa = PBXBuildFile; fileRef = 7DE17DD52AFFB980005F4848 /* HomeFeature.swift */; };
		7DE17DD92AFFDE4E005F4848 /* DiscoverView.swift in Sources */ = {isa = PBXBuildFile; fileRef = 7DE17DD82AFFDE4E005F4848 /* DiscoverView.swift */; };
		7DE17DDB2AFFDE56005F4848 /* DiscoverFeature.swift in Sources */ = {isa = PBXBuildFile; fileRef = 7DE17DDA2AFFDE56005F4848 /* DiscoverFeature.swift */; };
		7DE17DDE2B00B073005F4848 /* Movie.swift in Sources */ = {isa = PBXBuildFile; fileRef = 7DE17DDD2B00B073005F4848 /* Movie.swift */; };
		7DE17DE12B00B0AC005F4848 /* DiscoverResponse.swift in Sources */ = {isa = PBXBuildFile; fileRef = 7DE17DE02B00B0AC005F4848 /* DiscoverResponse.swift */; };
		7DE17DEA2B014719005F4848 /* SplashView.swift in Sources */ = {isa = PBXBuildFile; fileRef = 7DE17DE92B014719005F4848 /* SplashView.swift */; };
		7DE17DF02B01F6A2005F4848 /* Genre.swift in Sources */ = {isa = PBXBuildFile; fileRef = 7DE17DEF2B01F6A2005F4848 /* Genre.swift */; };
		7DE17DF72B01F96A005F4848 /* Collection+Extension.swift in Sources */ = {isa = PBXBuildFile; fileRef = 7DE17DF62B01F96A005F4848 /* Collection+Extension.swift */; };
		7DE17DFB2B040D25005F4848 /* ApiError.swift in Sources */ = {isa = PBXBuildFile; fileRef = 7DE17DFA2B040D25005F4848 /* ApiError.swift */; };
		7DE17DFE2B0410A7005F4848 /* RootView.swift in Sources */ = {isa = PBXBuildFile; fileRef = 7DE17DFD2B0410A7005F4848 /* RootView.swift */; };
		7DE17E002B0410B0005F4848 /* RootFeature.swift in Sources */ = {isa = PBXBuildFile; fileRef = 7DE17DFF2B0410B0005F4848 /* RootFeature.swift */; };
		7DE17E022B041357005F4848 /* Config.swift in Sources */ = {isa = PBXBuildFile; fileRef = 7DE17E012B041357005F4848 /* Config.swift */; };
		7DE17E042B0413A1005F4848 /* String+Extension.swift in Sources */ = {isa = PBXBuildFile; fileRef = 7DE17E032B0413A1005F4848 /* String+Extension.swift */; };
		7DE17E072B0413CB005F4848 /* Release.xcconfig in Resources */ = {isa = PBXBuildFile; fileRef = 7DE17E052B0413CB005F4848 /* Release.xcconfig */; };
		7DE17E082B0413CB005F4848 /* Debug.xcconfig in Resources */ = {isa = PBXBuildFile; fileRef = 7DE17E062B0413CB005F4848 /* Debug.xcconfig */; };
		7DE17E0B2B053C21005F4848 /* ApiClient.swift in Sources */ = {isa = PBXBuildFile; fileRef = 7DE17E0A2B053C21005F4848 /* ApiClient.swift */; };
		7DE17E0E2B053C4E005F4848 /* TmdbClient.swift in Sources */ = {isa = PBXBuildFile; fileRef = 7DE17E0D2B053C4E005F4848 /* TmdbClient.swift */; };
		7DE17E222B068E27005F4848 /* CombineMoya in Frameworks */ = {isa = PBXBuildFile; productRef = 7DE17E212B068E27005F4848 /* CombineMoya */; };
		7DE17E242B068E27005F4848 /* Moya in Frameworks */ = {isa = PBXBuildFile; productRef = 7DE17E232B068E27005F4848 /* Moya */; };
		7DE17E262B068E27005F4848 /* ReactiveMoya in Frameworks */ = {isa = PBXBuildFile; productRef = 7DE17E252B068E27005F4848 /* ReactiveMoya */; };
		7DE17E282B068E27005F4848 /* RxMoya in Frameworks */ = {isa = PBXBuildFile; productRef = 7DE17E272B068E27005F4848 /* RxMoya */; };
/* End PBXBuildFile section */

/* Begin PBXFileReference section */
		7DD6D96A2AF943B7004828AB /* Movies-TCA.app */ = {isa = PBXFileReference; explicitFileType = wrapper.application; includeInIndex = 0; path = "Movies-TCA.app"; sourceTree = BUILT_PRODUCTS_DIR; };
		7DD6D96D2AF943B7004828AB /* MoviesApp.swift */ = {isa = PBXFileReference; lastKnownFileType = sourcecode.swift; path = MoviesApp.swift; sourceTree = "<group>"; };
		7DD6D96F2AF943B7004828AB /* HomeView.swift */ = {isa = PBXFileReference; lastKnownFileType = sourcecode.swift; path = HomeView.swift; sourceTree = "<group>"; };
		7DD6D9712AF943B8004828AB /* Assets.xcassets */ = {isa = PBXFileReference; lastKnownFileType = folder.assetcatalog; path = Assets.xcassets; sourceTree = "<group>"; };
		7DD6D9742AF943B8004828AB /* Preview Assets.xcassets */ = {isa = PBXFileReference; lastKnownFileType = folder.assetcatalog; path = "Preview Assets.xcassets"; sourceTree = "<group>"; };
		7DE17DD32AFE0BC1005F4848 /* OnFirstAppear.swift */ = {isa = PBXFileReference; fileEncoding = 4; lastKnownFileType = sourcecode.swift; path = OnFirstAppear.swift; sourceTree = "<group>"; };
		7DE17DD52AFFB980005F4848 /* HomeFeature.swift */ = {isa = PBXFileReference; lastKnownFileType = sourcecode.swift; path = HomeFeature.swift; sourceTree = "<group>"; };
		7DE17DD82AFFDE4E005F4848 /* DiscoverView.swift */ = {isa = PBXFileReference; lastKnownFileType = sourcecode.swift; path = DiscoverView.swift; sourceTree = "<group>"; };
		7DE17DDA2AFFDE56005F4848 /* DiscoverFeature.swift */ = {isa = PBXFileReference; lastKnownFileType = sourcecode.swift; path = DiscoverFeature.swift; sourceTree = "<group>"; };
		7DE17DDD2B00B073005F4848 /* Movie.swift */ = {isa = PBXFileReference; lastKnownFileType = sourcecode.swift; path = Movie.swift; sourceTree = "<group>"; };
		7DE17DE02B00B0AC005F4848 /* DiscoverResponse.swift */ = {isa = PBXFileReference; lastKnownFileType = sourcecode.swift; path = DiscoverResponse.swift; sourceTree = "<group>"; };
		7DE17DE92B014719005F4848 /* SplashView.swift */ = {isa = PBXFileReference; lastKnownFileType = sourcecode.swift; path = SplashView.swift; sourceTree = "<group>"; };
		7DE17DEF2B01F6A2005F4848 /* Genre.swift */ = {isa = PBXFileReference; lastKnownFileType = sourcecode.swift; path = Genre.swift; sourceTree = "<group>"; };
		7DE17DF62B01F96A005F4848 /* Collection+Extension.swift */ = {isa = PBXFileReference; lastKnownFileType = sourcecode.swift; path = "Collection+Extension.swift"; sourceTree = "<group>"; };
		7DE17DFA2B040D25005F4848 /* ApiError.swift */ = {isa = PBXFileReference; lastKnownFileType = sourcecode.swift; path = ApiError.swift; sourceTree = "<group>"; };
		7DE17DFD2B0410A7005F4848 /* RootView.swift */ = {isa = PBXFileReference; lastKnownFileType = sourcecode.swift; path = RootView.swift; sourceTree = "<group>"; };
		7DE17DFF2B0410B0005F4848 /* RootFeature.swift */ = {isa = PBXFileReference; lastKnownFileType = sourcecode.swift; path = RootFeature.swift; sourceTree = "<group>"; };
		7DE17E012B041357005F4848 /* Config.swift */ = {isa = PBXFileReference; lastKnownFileType = sourcecode.swift; path = Config.swift; sourceTree = "<group>"; };
		7DE17E032B0413A1005F4848 /* String+Extension.swift */ = {isa = PBXFileReference; lastKnownFileType = sourcecode.swift; path = "String+Extension.swift"; sourceTree = "<group>"; };
		7DE17E052B0413CB005F4848 /* Release.xcconfig */ = {isa = PBXFileReference; fileEncoding = 4; lastKnownFileType = text.xcconfig; path = Release.xcconfig; sourceTree = "<group>"; };
		7DE17E062B0413CB005F4848 /* Debug.xcconfig */ = {isa = PBXFileReference; fileEncoding = 4; lastKnownFileType = text.xcconfig; path = Debug.xcconfig; sourceTree = "<group>"; };
		7DE17E092B0415B6005F4848 /* Info.plist */ = {isa = PBXFileReference; lastKnownFileType = text.plist; path = Info.plist; sourceTree = "<group>"; };
		7DE17E0A2B053C21005F4848 /* ApiClient.swift */ = {isa = PBXFileReference; lastKnownFileType = sourcecode.swift; path = ApiClient.swift; sourceTree = "<group>"; };
		7DE17E0D2B053C4E005F4848 /* TmdbClient.swift */ = {isa = PBXFileReference; lastKnownFileType = sourcecode.swift; path = TmdbClient.swift; sourceTree = "<group>"; };
/* End PBXFileReference section */

/* Begin PBXFrameworksBuildPhase section */
		7DD6D9672AF943B7004828AB /* Frameworks */ = {
			isa = PBXFrameworksBuildPhase;
			buildActionMask = 2147483647;
			files = (
				7DE17E282B068E27005F4848 /* RxMoya in Frameworks */,
				7DE17E222B068E27005F4848 /* CombineMoya in Frameworks */,
				7DE17E262B068E27005F4848 /* ReactiveMoya in Frameworks */,
				7DE17DC62AFE0325005F4848 /* ComposableArchitecture in Frameworks */,
				7DE17E242B068E27005F4848 /* Moya in Frameworks */,
			);
			runOnlyForDeploymentPostprocessing = 0;
		};
/* End PBXFrameworksBuildPhase section */

/* Begin PBXGroup section */
		7DD6D9612AF943B7004828AB = {
			isa = PBXGroup;
			children = (
				7DD6D96C2AF943B7004828AB /* Movies-TCA */,
				7DD6D96B2AF943B7004828AB /* Products */,
			);
			sourceTree = "<group>";
		};
		7DD6D96B2AF943B7004828AB /* Products */ = {
			isa = PBXGroup;
			children = (
				7DD6D96A2AF943B7004828AB /* Movies-TCA.app */,
			);
			name = Products;
			sourceTree = "<group>";
		};
		7DD6D96C2AF943B7004828AB /* Movies-TCA */ = {
			isa = PBXGroup;
			children = (
				7DE17E092B0415B6005F4848 /* Info.plist */,
				7DE17DC72AFE049D005F4848 /* Main */,
				7DE17DC82AFE04A6005F4848 /* Shared */,
			);
			path = "Movies-TCA";
			sourceTree = "<group>";
		};
		7DD6D9732AF943B8004828AB /* Preview Content */ = {
			isa = PBXGroup;
			children = (
				7DD6D9742AF943B8004828AB /* Preview Assets.xcassets */,
			);
			path = "Preview Content";
			sourceTree = "<group>";
		};
		7DE17DC72AFE049D005F4848 /* Main */ = {
			isa = PBXGroup;
			children = (
				7DE17DC92AFE04BD005F4848 /* App */,
				7DE17DCE2AFE0528005F4848 /* Modules */,
			);
			path = Main;
			sourceTree = "<group>";
		};
		7DE17DC82AFE04A6005F4848 /* Shared */ = {
			isa = PBXGroup;
			children = (
				7DE17DDC2B00B064005F4848 /* Model */,
				7DE17DCC2AFE04FD005F4848 /* Networking */,
				7DE17DCD2AFE050D005F4848 /* Support */,
				7DE17DCB2AFE04F0005F4848 /* Utility */,
			);
			path = Shared;
			sourceTree = "<group>";
		};
		7DE17DC92AFE04BD005F4848 /* App */ = {
			isa = PBXGroup;
			children = (
				7DD6D96D2AF943B7004828AB /* MoviesApp.swift */,
			);
			path = App;
			sourceTree = "<group>";
		};
		7DE17DCA2AFE04E4005F4848 /* Resources */ = {
			isa = PBXGroup;
			children = (
				7DD6D9712AF943B8004828AB /* Assets.xcassets */,
				7DD6D9732AF943B8004828AB /* Preview Content */,
			);
			path = Resources;
			sourceTree = "<group>";
		};
		7DE17DCB2AFE04F0005F4848 /* Utility */ = {
			isa = PBXGroup;
			children = (
				7DE17DCF2AFE0546005F4848 /* Extensions */,
				7DE17DD02AFE0553005F4848 /* Modifiers */,
				7DE17DD12AFE0561005F4848 /* Protocols */,
			);
			path = Utility;
			sourceTree = "<group>";
		};
		7DE17DCC2AFE04FD005F4848 /* Networking */ = {
			isa = PBXGroup;
			children = (
				7DE17E0A2B053C21005F4848 /* ApiClient.swift */,
				7DE17DFA2B040D25005F4848 /* ApiError.swift */,
				7DE17E0C2B053C41005F4848 /* Tmdb */,
			);
			path = Networking;
			sourceTree = "<group>";
		};
		7DE17DCD2AFE050D005F4848 /* Support */ = {
			isa = PBXGroup;
			children = (
				7DE17DF42B01F8BA005F4848 /* Config */,
				7DE17DCA2AFE04E4005F4848 /* Resources */,
			);
			path = Support;
			sourceTree = "<group>";
		};
		7DE17DCE2AFE0528005F4848 /* Modules */ = {
			isa = PBXGroup;
			children = (
				7DE17DFC2B041092005F4848 /* Root */,
				7DE17DE82B01470B005F4848 /* Splash */,
				7DE17DD22AFE05F9005F4848 /* Home */,
				7DE17DD72AFFDE3B005F4848 /* Discover */,
			);
			path = Modules;
			sourceTree = "<group>";
		};
		7DE17DCF2AFE0546005F4848 /* Extensions */ = {
			isa = PBXGroup;
			children = (
				7DE17DF52B01F957005F4848 /* Foundation */,
			);
			path = Extensions;
			sourceTree = "<group>";
		};
		7DE17DD02AFE0553005F4848 /* Modifiers */ = {
			isa = PBXGroup;
			children = (
				7DE17DD32AFE0BC1005F4848 /* OnFirstAppear.swift */,
			);
			path = Modifiers;
			sourceTree = "<group>";
		};
		7DE17DD12AFE0561005F4848 /* Protocols */ = {
			isa = PBXGroup;
			children = (
			);
			path = Protocols;
			sourceTree = "<group>";
		};
		7DE17DD22AFE05F9005F4848 /* Home */ = {
			isa = PBXGroup;
			children = (
				7DE17DD52AFFB980005F4848 /* HomeFeature.swift */,
				7DD6D96F2AF943B7004828AB /* HomeView.swift */,
			);
			path = Home;
			sourceTree = "<group>";
		};
		7DE17DD72AFFDE3B005F4848 /* Discover */ = {
			isa = PBXGroup;
			children = (
				7DE17DDA2AFFDE56005F4848 /* DiscoverFeature.swift */,
				7DE17DD82AFFDE4E005F4848 /* DiscoverView.swift */,
			);
			path = Discover;
			sourceTree = "<group>";
		};
		7DE17DDC2B00B064005F4848 /* Model */ = {
			isa = PBXGroup;
			children = (
				7DE17DE02B00B0AC005F4848 /* DiscoverResponse.swift */,
				7DE17DEF2B01F6A2005F4848 /* Genre.swift */,
				7DE17DDD2B00B073005F4848 /* Movie.swift */,
			);
			path = Model;
			sourceTree = "<group>";
		};
		7DE17DE82B01470B005F4848 /* Splash */ = {
			isa = PBXGroup;
			children = (
				7DE17DE92B014719005F4848 /* SplashView.swift */,
			);
			path = Splash;
			sourceTree = "<group>";
		};
		7DE17DF42B01F8BA005F4848 /* Config */ = {
			isa = PBXGroup;
			children = (
				7DE17E012B041357005F4848 /* Config.swift */,
				7DE17E062B0413CB005F4848 /* Debug.xcconfig */,
				7DE17E052B0413CB005F4848 /* Release.xcconfig */,
			);
			path = Config;
			sourceTree = "<group>";
		};
		7DE17DF52B01F957005F4848 /* Foundation */ = {
			isa = PBXGroup;
			children = (
				7DE17E032B0413A1005F4848 /* String+Extension.swift */,
				7DE17DF62B01F96A005F4848 /* Collection+Extension.swift */,
			);
			path = Foundation;
			sourceTree = "<group>";
		};
		7DE17DFC2B041092005F4848 /* Root */ = {
			isa = PBXGroup;
			children = (
				7DE17DFF2B0410B0005F4848 /* RootFeature.swift */,
				7DE17DFD2B0410A7005F4848 /* RootView.swift */,
			);
			path = Root;
			sourceTree = "<group>";
		};
		7DE17E0C2B053C41005F4848 /* Tmdb */ = {
			isa = PBXGroup;
			children = (
				7DE17E0D2B053C4E005F4848 /* TmdbClient.swift */,
			);
			path = Tmdb;
			sourceTree = "<group>";
		};
/* End PBXGroup section */

/* Begin PBXNativeTarget section */
		7DD6D9692AF943B7004828AB /* Movies-TCA */ = {
			isa = PBXNativeTarget;
			buildConfigurationList = 7DD6D9782AF943B8004828AB /* Build configuration list for PBXNativeTarget "Movies-TCA" */;
			buildPhases = (
				7DD6D9662AF943B7004828AB /* Sources */,
				7DD6D9672AF943B7004828AB /* Frameworks */,
				7DD6D9682AF943B7004828AB /* Resources */,
			);
			buildRules = (
			);
			dependencies = (
			);
			name = "Movies-TCA";
			packageProductDependencies = (
				7DE17DC52AFE0325005F4848 /* ComposableArchitecture */,
				7DE17E212B068E27005F4848 /* CombineMoya */,
				7DE17E232B068E27005F4848 /* Moya */,
				7DE17E252B068E27005F4848 /* ReactiveMoya */,
				7DE17E272B068E27005F4848 /* RxMoya */,
			);
			productName = "Movies-TCA";
			productReference = 7DD6D96A2AF943B7004828AB /* Movies-TCA.app */;
			productType = "com.apple.product-type.application";
		};
/* End PBXNativeTarget section */

/* Begin PBXProject section */
		7DD6D9622AF943B7004828AB /* Project object */ = {
			isa = PBXProject;
			attributes = {
				BuildIndependentTargetsInParallel = 1;
				LastSwiftUpdateCheck = 1500;
				LastUpgradeCheck = 1500;
				TargetAttributes = {
					7DD6D9692AF943B7004828AB = {
						CreatedOnToolsVersion = 15.0;
					};
				};
			};
			buildConfigurationList = 7DD6D9652AF943B7004828AB /* Build configuration list for PBXProject "Movies-TCA" */;
			compatibilityVersion = "Xcode 14.0";
			developmentRegion = en;
			hasScannedForEncodings = 0;
			knownRegions = (
				en,
				Base,
			);
			mainGroup = 7DD6D9612AF943B7004828AB;
			packageReferences = (
				7DE17DC42AFE0325005F4848 /* XCRemoteSwiftPackageReference "swift-composable-architecture" */,
				7DE17E202B068E27005F4848 /* XCRemoteSwiftPackageReference "Moya" */,
			);
			productRefGroup = 7DD6D96B2AF943B7004828AB /* Products */;
			projectDirPath = "";
			projectRoot = "";
			targets = (
				7DD6D9692AF943B7004828AB /* Movies-TCA */,
			);
		};
/* End PBXProject section */

/* Begin PBXResourcesBuildPhase section */
		7DD6D9682AF943B7004828AB /* Resources */ = {
			isa = PBXResourcesBuildPhase;
			buildActionMask = 2147483647;
			files = (
				7DE17E082B0413CB005F4848 /* Debug.xcconfig in Resources */,
				7DD6D9752AF943B8004828AB /* Preview Assets.xcassets in Resources */,
				7DD6D9722AF943B8004828AB /* Assets.xcassets in Resources */,
				7DE17E072B0413CB005F4848 /* Release.xcconfig in Resources */,
			);
			runOnlyForDeploymentPostprocessing = 0;
		};
/* End PBXResourcesBuildPhase section */

/* Begin PBXSourcesBuildPhase section */
		7DD6D9662AF943B7004828AB /* Sources */ = {
			isa = PBXSourcesBuildPhase;
			buildActionMask = 2147483647;
			files = (
				7DE17DDE2B00B073005F4848 /* Movie.swift in Sources */,
				7DE17DF72B01F96A005F4848 /* Collection+Extension.swift in Sources */,
				7DE17E022B041357005F4848 /* Config.swift in Sources */,
				7DE17E042B0413A1005F4848 /* String+Extension.swift in Sources */,
				7DE17E0B2B053C21005F4848 /* ApiClient.swift in Sources */,
				7DE17DD42AFE0BC1005F4848 /* OnFirstAppear.swift in Sources */,
				7DE17DF02B01F6A2005F4848 /* Genre.swift in Sources */,
				7DE17DD62AFFB980005F4848 /* HomeFeature.swift in Sources */,
				7DE17DFB2B040D25005F4848 /* ApiError.swift in Sources */,
				7DD6D9702AF943B7004828AB /* HomeView.swift in Sources */,
				7DE17E0E2B053C4E005F4848 /* TmdbClient.swift in Sources */,
				7DE17DDB2AFFDE56005F4848 /* DiscoverFeature.swift in Sources */,
				7DE17DD92AFFDE4E005F4848 /* DiscoverView.swift in Sources */,
				7DE17DEA2B014719005F4848 /* SplashView.swift in Sources */,
				7DE17E002B0410B0005F4848 /* RootFeature.swift in Sources */,
				7DD6D96E2AF943B7004828AB /* MoviesApp.swift in Sources */,
				7DE17DE12B00B0AC005F4848 /* DiscoverResponse.swift in Sources */,
				7DE17DFE2B0410A7005F4848 /* RootView.swift in Sources */,
			);
			runOnlyForDeploymentPostprocessing = 0;
		};
/* End PBXSourcesBuildPhase section */

/* Begin XCBuildConfiguration section */
		7DD6D9762AF943B8004828AB /* Debug */ = {
			isa = XCBuildConfiguration;
			baseConfigurationReference = 7DE17E062B0413CB005F4848 /* Debug.xcconfig */;
			buildSettings = {
				ALWAYS_SEARCH_USER_PATHS = NO;
				ASSETCATALOG_COMPILER_GENERATE_SWIFT_ASSET_SYMBOL_EXTENSIONS = YES;
				CLANG_ANALYZER_NONNULL = YES;
				CLANG_ANALYZER_NUMBER_OBJECT_CONVERSION = YES_AGGRESSIVE;
				CLANG_CXX_LANGUAGE_STANDARD = "gnu++20";
				CLANG_ENABLE_MODULES = YES;
				CLANG_ENABLE_OBJC_ARC = YES;
				CLANG_ENABLE_OBJC_WEAK = YES;
				CLANG_WARN_BLOCK_CAPTURE_AUTORELEASING = YES;
				CLANG_WARN_BOOL_CONVERSION = YES;
				CLANG_WARN_COMMA = YES;
				CLANG_WARN_CONSTANT_CONVERSION = YES;
				CLANG_WARN_DEPRECATED_OBJC_IMPLEMENTATIONS = YES;
				CLANG_WARN_DIRECT_OBJC_ISA_USAGE = YES_ERROR;
				CLANG_WARN_DOCUMENTATION_COMMENTS = YES;
				CLANG_WARN_EMPTY_BODY = YES;
				CLANG_WARN_ENUM_CONVERSION = YES;
				CLANG_WARN_INFINITE_RECURSION = YES;
				CLANG_WARN_INT_CONVERSION = YES;
				CLANG_WARN_NON_LITERAL_NULL_CONVERSION = YES;
				CLANG_WARN_OBJC_IMPLICIT_RETAIN_SELF = YES;
				CLANG_WARN_OBJC_LITERAL_CONVERSION = YES;
				CLANG_WARN_OBJC_ROOT_CLASS = YES_ERROR;
				CLANG_WARN_QUOTED_INCLUDE_IN_FRAMEWORK_HEADER = YES;
				CLANG_WARN_RANGE_LOOP_ANALYSIS = YES;
				CLANG_WARN_STRICT_PROTOTYPES = YES;
				CLANG_WARN_SUSPICIOUS_MOVE = YES;
				CLANG_WARN_UNGUARDED_AVAILABILITY = YES_AGGRESSIVE;
				CLANG_WARN_UNREACHABLE_CODE = YES;
				CLANG_WARN__DUPLICATE_METHOD_MATCH = YES;
				COPY_PHASE_STRIP = NO;
				DEBUG_INFORMATION_FORMAT = dwarf;
				ENABLE_STRICT_OBJC_MSGSEND = YES;
				ENABLE_TESTABILITY = YES;
				ENABLE_USER_SCRIPT_SANDBOXING = YES;
				GCC_C_LANGUAGE_STANDARD = gnu17;
				GCC_DYNAMIC_NO_PIC = NO;
				GCC_NO_COMMON_BLOCKS = YES;
				GCC_OPTIMIZATION_LEVEL = 0;
				GCC_PREPROCESSOR_DEFINITIONS = (
					"DEBUG=1",
					"$(inherited)",
				);
				GCC_WARN_64_TO_32_BIT_CONVERSION = YES;
				GCC_WARN_ABOUT_RETURN_TYPE = YES_ERROR;
				GCC_WARN_UNDECLARED_SELECTOR = YES;
				GCC_WARN_UNINITIALIZED_AUTOS = YES_AGGRESSIVE;
				GCC_WARN_UNUSED_FUNCTION = YES;
				GCC_WARN_UNUSED_VARIABLE = YES;
				IPHONEOS_DEPLOYMENT_TARGET = 17.0;
				LOCALIZATION_PREFERS_STRING_CATALOGS = YES;
				MTL_ENABLE_DEBUG_INFO = INCLUDE_SOURCE;
				MTL_FAST_MATH = YES;
				ONLY_ACTIVE_ARCH = YES;
				SDKROOT = iphoneos;
				SWIFT_ACTIVE_COMPILATION_CONDITIONS = "DEBUG $(inherited)";
				SWIFT_OPTIMIZATION_LEVEL = "-Onone";
			};
			name = Debug;
		};
		7DD6D9772AF943B8004828AB /* Release */ = {
			isa = XCBuildConfiguration;
			baseConfigurationReference = 7DE17E052B0413CB005F4848 /* Release.xcconfig */;
			buildSettings = {
				ALWAYS_SEARCH_USER_PATHS = NO;
				ASSETCATALOG_COMPILER_GENERATE_SWIFT_ASSET_SYMBOL_EXTENSIONS = YES;
				CLANG_ANALYZER_NONNULL = YES;
				CLANG_ANALYZER_NUMBER_OBJECT_CONVERSION = YES_AGGRESSIVE;
				CLANG_CXX_LANGUAGE_STANDARD = "gnu++20";
				CLANG_ENABLE_MODULES = YES;
				CLANG_ENABLE_OBJC_ARC = YES;
				CLANG_ENABLE_OBJC_WEAK = YES;
				CLANG_WARN_BLOCK_CAPTURE_AUTORELEASING = YES;
				CLANG_WARN_BOOL_CONVERSION = YES;
				CLANG_WARN_COMMA = YES;
				CLANG_WARN_CONSTANT_CONVERSION = YES;
				CLANG_WARN_DEPRECATED_OBJC_IMPLEMENTATIONS = YES;
				CLANG_WARN_DIRECT_OBJC_ISA_USAGE = YES_ERROR;
				CLANG_WARN_DOCUMENTATION_COMMENTS = YES;
				CLANG_WARN_EMPTY_BODY = YES;
				CLANG_WARN_ENUM_CONVERSION = YES;
				CLANG_WARN_INFINITE_RECURSION = YES;
				CLANG_WARN_INT_CONVERSION = YES;
				CLANG_WARN_NON_LITERAL_NULL_CONVERSION = YES;
				CLANG_WARN_OBJC_IMPLICIT_RETAIN_SELF = YES;
				CLANG_WARN_OBJC_LITERAL_CONVERSION = YES;
				CLANG_WARN_OBJC_ROOT_CLASS = YES_ERROR;
				CLANG_WARN_QUOTED_INCLUDE_IN_FRAMEWORK_HEADER = YES;
				CLANG_WARN_RANGE_LOOP_ANALYSIS = YES;
				CLANG_WARN_STRICT_PROTOTYPES = YES;
				CLANG_WARN_SUSPICIOUS_MOVE = YES;
				CLANG_WARN_UNGUARDED_AVAILABILITY = YES_AGGRESSIVE;
				CLANG_WARN_UNREACHABLE_CODE = YES;
				CLANG_WARN__DUPLICATE_METHOD_MATCH = YES;
				COPY_PHASE_STRIP = NO;
				DEBUG_INFORMATION_FORMAT = "dwarf-with-dsym";
				ENABLE_NS_ASSERTIONS = NO;
				ENABLE_STRICT_OBJC_MSGSEND = YES;
				ENABLE_USER_SCRIPT_SANDBOXING = YES;
				GCC_C_LANGUAGE_STANDARD = gnu17;
				GCC_NO_COMMON_BLOCKS = YES;
				GCC_WARN_64_TO_32_BIT_CONVERSION = YES;
				GCC_WARN_ABOUT_RETURN_TYPE = YES_ERROR;
				GCC_WARN_UNDECLARED_SELECTOR = YES;
				GCC_WARN_UNINITIALIZED_AUTOS = YES_AGGRESSIVE;
				GCC_WARN_UNUSED_FUNCTION = YES;
				GCC_WARN_UNUSED_VARIABLE = YES;
				IPHONEOS_DEPLOYMENT_TARGET = 17.0;
				LOCALIZATION_PREFERS_STRING_CATALOGS = YES;
				MTL_ENABLE_DEBUG_INFO = NO;
				MTL_FAST_MATH = YES;
				SDKROOT = iphoneos;
				SWIFT_COMPILATION_MODE = wholemodule;
				VALIDATE_PRODUCT = YES;
			};
			name = Release;
		};
		7DD6D9792AF943B8004828AB /* Debug */ = {
			isa = XCBuildConfiguration;
			baseConfigurationReference = 7DE17E062B0413CB005F4848 /* Debug.xcconfig */;
			buildSettings = {
				ASSETCATALOG_COMPILER_APPICON_NAME = AppIcon;
				ASSETCATALOG_COMPILER_GLOBAL_ACCENT_COLOR_NAME = AccentColor;
				CODE_SIGN_STYLE = Automatic;
				CURRENT_PROJECT_VERSION = 1;
				DEVELOPMENT_ASSET_PATHS = "\"Movies-TCA/Shared/Support/Resources/Preview Content\"";
				DEVELOPMENT_TEAM = 765F9357QN;
				ENABLE_PREVIEWS = YES;
				GENERATE_INFOPLIST_FILE = YES;
				INFOPLIST_FILE = "Movies-TCA/Info.plist";
				INFOPLIST_KEY_LSApplicationCategoryType = "";
				INFOPLIST_KEY_UIApplicationSceneManifest_Generation = YES;
				INFOPLIST_KEY_UIApplicationSupportsIndirectInputEvents = YES;
				INFOPLIST_KEY_UILaunchScreen_Generation = YES;
				INFOPLIST_KEY_UISupportedInterfaceOrientations_iPad = "UIInterfaceOrientationPortrait UIInterfaceOrientationPortraitUpsideDown UIInterfaceOrientationLandscapeLeft UIInterfaceOrientationLandscapeRight";
				INFOPLIST_KEY_UISupportedInterfaceOrientations_iPhone = "UIInterfaceOrientationPortrait UIInterfaceOrientationLandscapeLeft UIInterfaceOrientationLandscapeRight";
				LD_RUNPATH_SEARCH_PATHS = (
					"$(inherited)",
					"@executable_path/Frameworks",
				);
				MARKETING_VERSION = 1.0;
				PRODUCT_BUNDLE_IDENTIFIER = "com.tt.Movies-TCA";
				PRODUCT_NAME = "$(TARGET_NAME)";
				SWIFT_EMIT_LOC_STRINGS = YES;
				SWIFT_VERSION = 5.0;
				TARGETED_DEVICE_FAMILY = "1,2";
			};
			name = Debug;
		};
		7DD6D97A2AF943B8004828AB /* Release */ = {
			isa = XCBuildConfiguration;
			baseConfigurationReference = 7DE17E052B0413CB005F4848 /* Release.xcconfig */;
			buildSettings = {
				ASSETCATALOG_COMPILER_APPICON_NAME = AppIcon;
				ASSETCATALOG_COMPILER_GLOBAL_ACCENT_COLOR_NAME = AccentColor;
				CODE_SIGN_STYLE = Automatic;
				CURRENT_PROJECT_VERSION = 1;
				DEVELOPMENT_ASSET_PATHS = "\"Movies-TCA/Shared/Support/Resources/Preview Content\"";
				DEVELOPMENT_TEAM = 765F9357QN;
				ENABLE_PREVIEWS = YES;
				GENERATE_INFOPLIST_FILE = YES;
				INFOPLIST_FILE = "Movies-TCA/Info.plist";
				INFOPLIST_KEY_LSApplicationCategoryType = "";
				INFOPLIST_KEY_UIApplicationSceneManifest_Generation = YES;
				INFOPLIST_KEY_UIApplicationSupportsIndirectInputEvents = YES;
				INFOPLIST_KEY_UILaunchScreen_Generation = YES;
				INFOPLIST_KEY_UISupportedInterfaceOrientations_iPad = "UIInterfaceOrientationPortrait UIInterfaceOrientationPortraitUpsideDown UIInterfaceOrientationLandscapeLeft UIInterfaceOrientationLandscapeRight";
				INFOPLIST_KEY_UISupportedInterfaceOrientations_iPhone = "UIInterfaceOrientationPortrait UIInterfaceOrientationLandscapeLeft UIInterfaceOrientationLandscapeRight";
				LD_RUNPATH_SEARCH_PATHS = (
					"$(inherited)",
					"@executable_path/Frameworks",
				);
				MARKETING_VERSION = 1.0;
				PRODUCT_BUNDLE_IDENTIFIER = "com.tt.Movies-TCA";
				PRODUCT_NAME = "$(TARGET_NAME)";
				SWIFT_EMIT_LOC_STRINGS = YES;
				SWIFT_VERSION = 5.0;
				TARGETED_DEVICE_FAMILY = "1,2";
			};
			name = Release;
		};
/* End XCBuildConfiguration section */

/* Begin XCConfigurationList section */
		7DD6D9652AF943B7004828AB /* Build configuration list for PBXProject "Movies-TCA" */ = {
			isa = XCConfigurationList;
			buildConfigurations = (
				7DD6D9762AF943B8004828AB /* Debug */,
				7DD6D9772AF943B8004828AB /* Release */,
			);
			defaultConfigurationIsVisible = 0;
			defaultConfigurationName = Release;
		};
		7DD6D9782AF943B8004828AB /* Build configuration list for PBXNativeTarget "Movies-TCA" */ = {
			isa = XCConfigurationList;
			buildConfigurations = (
				7DD6D9792AF943B8004828AB /* Debug */,
				7DD6D97A2AF943B8004828AB /* Release */,
			);
			defaultConfigurationIsVisible = 0;
			defaultConfigurationName = Release;
		};
/* End XCConfigurationList section */

/* Begin XCRemoteSwiftPackageReference section */
		7DE17DC42AFE0325005F4848 /* XCRemoteSwiftPackageReference "swift-composable-architecture" */ = {
			isa = XCRemoteSwiftPackageReference;
			repositoryURL = "https://github.com/pointfreeco/swift-composable-architecture";
			requirement = {
				kind = upToNextMinorVersion;
				minimumVersion = 1.3.0;
			};
		};
		7DE17E202B068E27005F4848 /* XCRemoteSwiftPackageReference "Moya" */ = {
			isa = XCRemoteSwiftPackageReference;
			repositoryURL = "https://github.com/Moya/Moya.git";
			requirement = {
				kind = upToNextMinorVersion;
				minimumVersion = 15.0.3;
			};
		};
/* End XCRemoteSwiftPackageReference section */

/* Begin XCSwiftPackageProductDependency section */
		7DE17DC52AFE0325005F4848 /* ComposableArchitecture */ = {
			isa = XCSwiftPackageProductDependency;
			package = 7DE17DC42AFE0325005F4848 /* XCRemoteSwiftPackageReference "swift-composable-architecture" */;
			productName = ComposableArchitecture;
		};
		7DE17E212B068E27005F4848 /* CombineMoya */ = {
			isa = XCSwiftPackageProductDependency;
			package = 7DE17E202B068E27005F4848 /* XCRemoteSwiftPackageReference "Moya" */;
			productName = CombineMoya;
		};
		7DE17E232B068E27005F4848 /* Moya */ = {
			isa = XCSwiftPackageProductDependency;
			package = 7DE17E202B068E27005F4848 /* XCRemoteSwiftPackageReference "Moya" */;
			productName = Moya;
		};
		7DE17E252B068E27005F4848 /* ReactiveMoya */ = {
			isa = XCSwiftPackageProductDependency;
			package = 7DE17E202B068E27005F4848 /* XCRemoteSwiftPackageReference "Moya" */;
			productName = ReactiveMoya;
		};
		7DE17E272B068E27005F4848 /* RxMoya */ = {
			isa = XCSwiftPackageProductDependency;
			package = 7DE17E202B068E27005F4848 /* XCRemoteSwiftPackageReference "Moya" */;
			productName = RxMoya;
		};
/* End XCSwiftPackageProductDependency section */
	};
	rootObject = 7DD6D9622AF943B7004828AB /* Project object */;
}
