// !$*UTF8*$!
{
	archiveVersion = 1;
	classes = {
	};
	objectVersion = 56;
	objects = {

/* Begin PBXBuildFile section */
		7D003EF72B35659800E03E50 /* VerticalKeyValueView.swift in Sources */ = {isa = PBXBuildFile; fileRef = 7D003EF62B35659800E03E50 /* VerticalKeyValueView.swift */; };
		7D003EF92B35676000E03E50 /* AnyTransition+Extension.swift in Sources */ = {isa = PBXBuildFile; fileRef = 7D003EF82B35676000E03E50 /* AnyTransition+Extension.swift */; };
		7D2093862B4D0754003B2B2C /* SettingLabelStyle.swift in Sources */ = {isa = PBXBuildFile; fileRef = 7D2093852B4D0754003B2B2C /* SettingLabelStyle.swift */; };
		7D20938A2B4F1457003B2B2C /* Preferences.swift in Sources */ = {isa = PBXBuildFile; fileRef = 7D2093892B4F1457003B2B2C /* Preferences.swift */; };
		7D20938D2B4F1490003B2B2C /* UserDefault.swift in Sources */ = {isa = PBXBuildFile; fileRef = 7D20938C2B4F1490003B2B2C /* UserDefault.swift */; };
		7D20938F2B4F1539003B2B2C /* Preference.swift in Sources */ = {isa = PBXBuildFile; fileRef = 7D20938E2B4F1539003B2B2C /* Preference.swift */; };
		7D2093932B4F15AC003B2B2C /* PublisherObservableObject.swift in Sources */ = {isa = PBXBuildFile; fileRef = 7D2093922B4F15AC003B2B2C /* PublisherObservableObject.swift */; };
		7D48B3982B5B007A00A248E3 /* LikedMovie.swift in Sources */ = {isa = PBXBuildFile; fileRef = 7D48B3972B5B007A00A248E3 /* LikedMovie.swift */; };
		7D48B39A2B5BB22000A248E3 /* DatabaseDependency.swift in Sources */ = {isa = PBXBuildFile; fileRef = 7D48B3992B5BB22000A248E3 /* DatabaseDependency.swift */; };
		7D48B39F2B5D867800A248E3 /* CloseButton.swift in Sources */ = {isa = PBXBuildFile; fileRef = 7D48B39E2B5D867800A248E3 /* CloseButton.swift */; };
		7D48B3A22B5EEF7000A248E3 /* Watchlist+Alerts.swift in Sources */ = {isa = PBXBuildFile; fileRef = 7D48B3A12B5EEF7000A248E3 /* Watchlist+Alerts.swift */; };
		7D4BA7642BA609B700029DB4 /* HomeNavigator.swift in Sources */ = {isa = PBXBuildFile; fileRef = 7D4BA7632BA609B700029DB4 /* HomeNavigator.swift */; };
		7D4BA7662BA609C200029DB4 /* HomeNavigatorView.swift in Sources */ = {isa = PBXBuildFile; fileRef = 7D4BA7652BA609C200029DB4 /* HomeNavigatorView.swift */; };
		7D4BA7692BA78B1300029DB4 /* DiscoveryNavigator.swift in Sources */ = {isa = PBXBuildFile; fileRef = 7D4BA7682BA78B1300029DB4 /* DiscoveryNavigator.swift */; };
		7D4BA76B2BA78B1B00029DB4 /* DiscoveryNavigatorView.swift in Sources */ = {isa = PBXBuildFile; fileRef = 7D4BA76A2BA78B1B00029DB4 /* DiscoveryNavigatorView.swift */; };
		7D4BA76E2BAAC3EC00029DB4 /* SearchNavigator.swift in Sources */ = {isa = PBXBuildFile; fileRef = 7D4BA76D2BAAC3EC00029DB4 /* SearchNavigator.swift */; };
		7D4BA7702BAAC3F700029DB4 /* SearchNavigatorView.swift in Sources */ = {isa = PBXBuildFile; fileRef = 7D4BA76F2BAAC3F700029DB4 /* SearchNavigatorView.swift */; };
		7D513F7C2B17221A0040F913 /* PreferencesFeature.swift in Sources */ = {isa = PBXBuildFile; fileRef = 7D513F7B2B17221A0040F913 /* PreferencesFeature.swift */; };
		7D513F7E2B1722210040F913 /* PreferencesView.swift in Sources */ = {isa = PBXBuildFile; fileRef = 7D513F7D2B1722210040F913 /* PreferencesView.swift */; };
		7D513F812B1A3D810040F913 /* Numeric+Extension.swift in Sources */ = {isa = PBXBuildFile; fileRef = 7D513F802B1A3D810040F913 /* Numeric+Extension.swift */; };
		7D68752F2B405D8300882EA9 /* HomeTests.swift in Sources */ = {isa = PBXBuildFile; fileRef = 7D68752E2B405D8300882EA9 /* HomeTests.swift */; };
		7D6875342B4A740800882EA9 /* Localizable.xcstrings in Resources */ = {isa = PBXBuildFile; fileRef = 7D6875332B4A740800882EA9 /* Localizable.xcstrings */; };
		7D6875372B4B29E900882EA9 /* MoviesListType.swift in Sources */ = {isa = PBXBuildFile; fileRef = 7D6875362B4B29E900882EA9 /* MoviesListType.swift */; };
		7D6875392B4B371A00882EA9 /* LocalizedStringKey+Extension.swift in Sources */ = {isa = PBXBuildFile; fileRef = 7D6875382B4B371A00882EA9 /* LocalizedStringKey+Extension.swift */; };
		7D77E6192B113F4E00B308A6 /* MovieView.swift in Sources */ = {isa = PBXBuildFile; fileRef = 7D77E6182B113F4E00B308A6 /* MovieView.swift */; };
		7D77E61B2B113F5800B308A6 /* MovieFeature.swift in Sources */ = {isa = PBXBuildFile; fileRef = 7D77E61A2B113F5800B308A6 /* MovieFeature.swift */; };
		7D77E6282B13B70C00B308A6 /* MoviesListView.swift in Sources */ = {isa = PBXBuildFile; fileRef = 7D77E6272B13B70C00B308A6 /* MoviesListView.swift */; };
		7D77E62A2B13B71900B308A6 /* MoviesListFeature.swift in Sources */ = {isa = PBXBuildFile; fileRef = 7D77E6292B13B71900B308A6 /* MoviesListFeature.swift */; };
		7D77E62E2B15BCB500B308A6 /* TagCloudsView.swift in Sources */ = {isa = PBXBuildFile; fileRef = 7D77E62D2B15BCB500B308A6 /* TagCloudsView.swift */; };
		7D77E6322B16551700B308A6 /* TagButtonStyle.swift in Sources */ = {isa = PBXBuildFile; fileRef = 7D77E6312B16551700B308A6 /* TagButtonStyle.swift */; };
		7D783B172B3A14A2004BEEAD /* Movie+Preview.swift in Sources */ = {isa = PBXBuildFile; fileRef = 7D783B162B3A14A2004BEEAD /* Movie+Preview.swift */; };
		7D783B192B3A14C1004BEEAD /* MovieDetails+Preview.swift in Sources */ = {isa = PBXBuildFile; fileRef = 7D783B182B3A14C1004BEEAD /* MovieDetails+Preview.swift */; };
		7D783B1B2B3A14D9004BEEAD /* CastMember+Preview.swift in Sources */ = {isa = PBXBuildFile; fileRef = 7D783B1A2B3A14D9004BEEAD /* CastMember+Preview.swift */; };
		7D783B1D2B3A14F5004BEEAD /* CrewMember+Preview.swift in Sources */ = {isa = PBXBuildFile; fileRef = 7D783B1C2B3A14F5004BEEAD /* CrewMember+Preview.swift */; };
		7D783B1F2B3A1538004BEEAD /* MoviesList+Preview.swift in Sources */ = {isa = PBXBuildFile; fileRef = 7D783B1E2B3A1538004BEEAD /* MoviesList+Preview.swift */; };
		7D783B2E2B3F2775004BEEAD /* RootTests.swift in Sources */ = {isa = PBXBuildFile; fileRef = 7D783B2D2B3F2775004BEEAD /* RootTests.swift */; };
		7D783B302B3F2F17004BEEAD /* Genres+Preview.swift in Sources */ = {isa = PBXBuildFile; fileRef = 7D783B2F2B3F2F17004BEEAD /* Genres+Preview.swift */; };
		7D7D83032B35637E00819A01 /* ProductionCountry.swift in Sources */ = {isa = PBXBuildFile; fileRef = 7D7D83022B35637E00819A01 /* ProductionCountry.swift */; };
		7D810E3E2B2B9967004A67AB /* MovieDetailsJsonResolver.swift in Sources */ = {isa = PBXBuildFile; fileRef = 7D810E3D2B2B9967004A67AB /* MovieDetailsJsonResolver.swift */; };
		7D810E402B2B9CA7004A67AB /* MovieDetailsStub.json in Resources */ = {isa = PBXBuildFile; fileRef = 7D810E3F2B2B9CA7004A67AB /* MovieDetailsStub.json */; };
		7D8F6FEB2B9593E2006F6B86 /* RootNavigator.swift in Sources */ = {isa = PBXBuildFile; fileRef = 7D8F6FEA2B9593E2006F6B86 /* RootNavigator.swift */; };
		7D8F6FED2B9593EE006F6B86 /* RootNavigatorView.swift in Sources */ = {isa = PBXBuildFile; fileRef = 7D8F6FEC2B9593EE006F6B86 /* RootNavigatorView.swift */; };
		7D8F6FEF2B95948F006F6B86 /* AppDataDependency.swift in Sources */ = {isa = PBXBuildFile; fileRef = 7D8F6FEE2B95948F006F6B86 /* AppDataDependency.swift */; };
		7D8F6FF12B9594BD006F6B86 /* AppData.swift in Sources */ = {isa = PBXBuildFile; fileRef = 7D8F6FF02B9594BD006F6B86 /* AppData.swift */; };
		7D8F6FF42B9597FB006F6B86 /* SplashFeature.swift in Sources */ = {isa = PBXBuildFile; fileRef = 7D8F6FF32B9597FB006F6B86 /* SplashFeature.swift */; };
		7DA4DEEC2B20483100D8E292 /* WatchlistFeature.swift in Sources */ = {isa = PBXBuildFile; fileRef = 7DA4DEEB2B20483100D8E292 /* WatchlistFeature.swift */; };
		7DA4DEEE2B20483D00D8E292 /* WatchlistView.swift in Sources */ = {isa = PBXBuildFile; fileRef = 7DA4DEED2B20483D00D8E292 /* WatchlistView.swift */; };
		7DA4DEF02B28F30F00D8E292 /* Credits.swift in Sources */ = {isa = PBXBuildFile; fileRef = 7DA4DEEF2B28F30F00D8E292 /* Credits.swift */; };
		7DA4DEF22B28F35C00D8E292 /* CastMember.swift in Sources */ = {isa = PBXBuildFile; fileRef = 7DA4DEF12B28F35C00D8E292 /* CastMember.swift */; };
		7DA4DEF42B28F39F00D8E292 /* CrewMember.swift in Sources */ = {isa = PBXBuildFile; fileRef = 7DA4DEF32B28F39F00D8E292 /* CrewMember.swift */; };
		7DA4DEFD2B28F7D000D8E292 /* MovieDetails.swift in Sources */ = {isa = PBXBuildFile; fileRef = 7DA4DEFC2B28F7D000D8E292 /* MovieDetails.swift */; };
		7DB688AD2B2CF4FF0007D98E /* ProcessInfo+Extension.swift in Sources */ = {isa = PBXBuildFile; fileRef = 7DB688AC2B2CF4FF0007D98E /* ProcessInfo+Extension.swift */; };
		7DB688AF2B2CF6930007D98E /* StretchyHeader.swift in Sources */ = {isa = PBXBuildFile; fileRef = 7DB688AE2B2CF6930007D98E /* StretchyHeader.swift */; };
		7DB688B12B2CF6E80007D98E /* ScrollViewOffset.swift in Sources */ = {isa = PBXBuildFile; fileRef = 7DB688B02B2CF6E80007D98E /* ScrollViewOffset.swift */; };
		7DB688B32B2CF7130007D98E /* Comparable+Extension.swift in Sources */ = {isa = PBXBuildFile; fileRef = 7DB688B22B2CF7130007D98E /* Comparable+Extension.swift */; };
		7DB688B92B2CF8240007D98E /* WebImage+Extension.swift in Sources */ = {isa = PBXBuildFile; fileRef = 7DB688B82B2CF8240007D98E /* WebImage+Extension.swift */; };
		7DB688BB2B2D7D670007D98E /* Int+Extension.swift in Sources */ = {isa = PBXBuildFile; fileRef = 7DB688BA2B2D7D670007D98E /* Int+Extension.swift */; };
		7DB688BF2B2E190A0007D98E /* DynamicSheetHeight.swift in Sources */ = {isa = PBXBuildFile; fileRef = 7DB688BE2B2E190A0007D98E /* DynamicSheetHeight.swift */; };
		7DB688C12B3032550007D98E /* DynamicSheet.swift in Sources */ = {isa = PBXBuildFile; fileRef = 7DB688C02B3032550007D98E /* DynamicSheet.swift */; };
		7DB688C42B32126E0007D98E /* CastMembersView.swift in Sources */ = {isa = PBXBuildFile; fileRef = 7DB688C32B32126E0007D98E /* CastMembersView.swift */; };
		7DB688C62B3212EF0007D98E /* MovieHeaderView.swift in Sources */ = {isa = PBXBuildFile; fileRef = 7DB688C52B3212EF0007D98E /* MovieHeaderView.swift */; };
		7DB688C82B32160A0007D98E /* CircularPersonImage.swift in Sources */ = {isa = PBXBuildFile; fileRef = 7DB688C72B32160A0007D98E /* CircularPersonImage.swift */; };
		7DB688CA2B32173A0007D98E /* Person.swift in Sources */ = {isa = PBXBuildFile; fileRef = 7DB688C92B32173A0007D98E /* Person.swift */; };
		7DB688CD2B32C1330007D98E /* DirectorView.swift in Sources */ = {isa = PBXBuildFile; fileRef = 7DB688CC2B32C1330007D98E /* DirectorView.swift */; };
		7DC8D1562B1B75DF00193A64 /* SearchMoviesStub.json in Resources */ = {isa = PBXBuildFile; fileRef = 7DC8D1552B1B75DF00193A64 /* SearchMoviesStub.json */; };
		7DC8D1582B1B78CF00193A64 /* DiscoverMoviesStub.json in Resources */ = {isa = PBXBuildFile; fileRef = 7DC8D1572B1B78CF00193A64 /* DiscoverMoviesStub.json */; };
		7DC8D15A2B1B793D00193A64 /* MoviesList.swift in Sources */ = {isa = PBXBuildFile; fileRef = 7DC8D1592B1B793D00193A64 /* MoviesList.swift */; };
		7DC8D15C2B1E3BB800193A64 /* MovieListButton.swift in Sources */ = {isa = PBXBuildFile; fileRef = 7DC8D15B2B1E3BB800193A64 /* MovieListButton.swift */; };
		7DD570972B4F2DAB00042F88 /* ColorSchemeAdjust.swift in Sources */ = {isa = PBXBuildFile; fileRef = 7DD570962B4F2DAB00042F88 /* ColorSchemeAdjust.swift */; };
		7DD570A12B54792200042F88 /* LikeButton.swift in Sources */ = {isa = PBXBuildFile; fileRef = 7DD570A02B54792200042F88 /* LikeButton.swift */; };
		7DD570A42B559EF100042F88 /* Pow in Frameworks */ = {isa = PBXBuildFile; productRef = 7DD570A32B559EF100042F88 /* Pow */; };
		7DD6D96E2AF943B7004828AB /* MoviesApp.swift in Sources */ = {isa = PBXBuildFile; fileRef = 7DD6D96D2AF943B7004828AB /* MoviesApp.swift */; };
		7DD6D9722AF943B8004828AB /* Assets.xcassets in Resources */ = {isa = PBXBuildFile; fileRef = 7DD6D9712AF943B8004828AB /* Assets.xcassets */; };
		7DD6D9752AF943B8004828AB /* Preview Assets.xcassets in Resources */ = {isa = PBXBuildFile; fileRef = 7DD6D9742AF943B8004828AB /* Preview Assets.xcassets */; };
		7DDA64362B079863008BF425 /* TmdbEndpoint.swift in Sources */ = {isa = PBXBuildFile; fileRef = 7DDA64352B079863008BF425 /* TmdbEndpoint.swift */; };
		7DDA64382B0798C1008BF425 /* TmdbAuthenticator.swift in Sources */ = {isa = PBXBuildFile; fileRef = 7DDA64372B0798C1008BF425 /* TmdbAuthenticator.swift */; };
		7DDA643A2B0799B1008BF425 /* Authenticating.swift in Sources */ = {isa = PBXBuildFile; fileRef = 7DDA64392B0799B1008BF425 /* Authenticating.swift */; };
		7DDA643C2B07A8E2008BF425 /* JsonResolver.swift in Sources */ = {isa = PBXBuildFile; fileRef = 7DDA643B2B07A8E2008BF425 /* JsonResolver.swift */; };
		7DDA64402B094635008BF425 /* Result+Extension.swift in Sources */ = {isa = PBXBuildFile; fileRef = 7DDA643F2B094635008BF425 /* Result+Extension.swift */; };
		7DDA64422B094C8B008BF425 /* HTTPMethod.swift in Sources */ = {isa = PBXBuildFile; fileRef = 7DDA64412B094C8B008BF425 /* HTTPMethod.swift */; };
		7DDA64452B094DA8008BF425 /* HTTPTask.swift in Sources */ = {isa = PBXBuildFile; fileRef = 7DDA64442B094DA8008BF425 /* HTTPTask.swift */; };
		7DDA644D2B0AB023008BF425 /* URLRequest+Extension.swift in Sources */ = {isa = PBXBuildFile; fileRef = 7DDA644C2B0AB023008BF425 /* URLRequest+Extension.swift */; };
		7DDA644F2B0AB02C008BF425 /* Data+Extension.swift in Sources */ = {isa = PBXBuildFile; fileRef = 7DDA644E2B0AB02C008BF425 /* Data+Extension.swift */; };
		7DDA64522B0C79B5008BF425 /* TmdbClientDependency.swift in Sources */ = {isa = PBXBuildFile; fileRef = 7DDA64512B0C79B5008BF425 /* TmdbClientDependency.swift */; };
		7DDA64542B0DD407008BF425 /* Date+Extension.swift in Sources */ = {isa = PBXBuildFile; fileRef = 7DDA64532B0DD407008BF425 /* Date+Extension.swift */; };
		7DDA64572B0E7DB8008BF425 /* MoviesPagerView.swift in Sources */ = {isa = PBXBuildFile; fileRef = 7DDA64562B0E7DB8008BF425 /* MoviesPagerView.swift */; };
		7DDA64592B0E8780008BF425 /* Constants.swift in Sources */ = {isa = PBXBuildFile; fileRef = 7DDA64582B0E8780008BF425 /* Constants.swift */; };
		7DDA645C2B0E8ABF008BF425 /* SDWebImageSwiftUI in Frameworks */ = {isa = PBXBuildFile; productRef = 7DDA645B2B0E8ABF008BF425 /* SDWebImageSwiftUI */; };
		7DDA645F2B0E8CBD008BF425 /* ListGenresStub.json in Resources */ = {isa = PBXBuildFile; fileRef = 7DDA645E2B0E8CBD008BF425 /* ListGenresStub.json */; };
		7DDA64632B0E8D04008BF425 /* PopularMoviesStub.json in Resources */ = {isa = PBXBuildFile; fileRef = 7DDA64622B0E8D04008BF425 /* PopularMoviesStub.json */; };
		7DDA64652B0E8D0F008BF425 /* NowPlayingMoviesStub.json in Resources */ = {isa = PBXBuildFile; fileRef = 7DDA64642B0E8D0F008BF425 /* NowPlayingMoviesStub.json */; };
		7DDA64672B0E8D1A008BF425 /* UpcomingMoviesStub.json in Resources */ = {isa = PBXBuildFile; fileRef = 7DDA64662B0E8D1A008BF425 /* UpcomingMoviesStub.json */; };
		7DDA64692B0E8D3B008BF425 /* TopRatedMoviesStub.json in Resources */ = {isa = PBXBuildFile; fileRef = 7DDA64682B0E8D3B008BF425 /* TopRatedMoviesStub.json */; };
		7DDA646B2B0E8E25008BF425 /* Mock.swift in Sources */ = {isa = PBXBuildFile; fileRef = 7DDA646A2B0E8E25008BF425 /* Mock.swift */; };
		7DDA646D2B0FC15D008BF425 /* MoviesCollectionView.swift in Sources */ = {isa = PBXBuildFile; fileRef = 7DDA646C2B0FC15D008BF425 /* MoviesCollectionView.swift */; };
		7DDA646F2B0FC2C1008BF425 /* SectionHeader.swift in Sources */ = {isa = PBXBuildFile; fileRef = 7DDA646E2B0FC2C1008BF425 /* SectionHeader.swift */; };
		7DDA64712B0FC31D008BF425 /* EdgeInsets+Extension.swift in Sources */ = {isa = PBXBuildFile; fileRef = 7DDA64702B0FC31D008BF425 /* EdgeInsets+Extension.swift */; };
		7DDA64742B0FC434008BF425 /* Font+Extension.swift in Sources */ = {isa = PBXBuildFile; fileRef = 7DDA64732B0FC434008BF425 /* Font+Extension.swift */; };
		7DDA64772B10959C008BF425 /* SearchFeature.swift in Sources */ = {isa = PBXBuildFile; fileRef = 7DDA64762B10959C008BF425 /* SearchFeature.swift */; };
		7DDA64792B1095A6008BF425 /* SearchView.swift in Sources */ = {isa = PBXBuildFile; fileRef = 7DDA64782B1095A6008BF425 /* SearchView.swift */; };
		7DE17DC62AFE0325005F4848 /* ComposableArchitecture in Frameworks */ = {isa = PBXBuildFile; productRef = 7DE17DC52AFE0325005F4848 /* ComposableArchitecture */; };
		7DE17DD42AFE0BC1005F4848 /* OnFirstAppear.swift in Sources */ = {isa = PBXBuildFile; fileRef = 7DE17DD32AFE0BC1005F4848 /* OnFirstAppear.swift */; };
		7DE17DD92AFFDE4E005F4848 /* DiscoveryView.swift in Sources */ = {isa = PBXBuildFile; fileRef = 7DE17DD82AFFDE4E005F4848 /* DiscoveryView.swift */; };
		7DE17DDB2AFFDE56005F4848 /* DiscoveryFeature.swift in Sources */ = {isa = PBXBuildFile; fileRef = 7DE17DDA2AFFDE56005F4848 /* DiscoveryFeature.swift */; };
		7DE17DDE2B00B073005F4848 /* Movie.swift in Sources */ = {isa = PBXBuildFile; fileRef = 7DE17DDD2B00B073005F4848 /* Movie.swift */; };
		7DE17DEA2B014719005F4848 /* SplashView.swift in Sources */ = {isa = PBXBuildFile; fileRef = 7DE17DE92B014719005F4848 /* SplashView.swift */; };
		7DE17DF02B01F6A2005F4848 /* Genre.swift in Sources */ = {isa = PBXBuildFile; fileRef = 7DE17DEF2B01F6A2005F4848 /* Genre.swift */; };
		7DE17DF72B01F96A005F4848 /* Collection+Extension.swift in Sources */ = {isa = PBXBuildFile; fileRef = 7DE17DF62B01F96A005F4848 /* Collection+Extension.swift */; };
		7DE17DFB2B040D25005F4848 /* TmdbError.swift in Sources */ = {isa = PBXBuildFile; fileRef = 7DE17DFA2B040D25005F4848 /* TmdbError.swift */; };
		7DE17E022B041357005F4848 /* Config.swift in Sources */ = {isa = PBXBuildFile; fileRef = 7DE17E012B041357005F4848 /* Config.swift */; };
		7DE17E042B0413A1005F4848 /* String+Extension.swift in Sources */ = {isa = PBXBuildFile; fileRef = 7DE17E032B0413A1005F4848 /* String+Extension.swift */; };
		7DE17E072B0413CB005F4848 /* Release.xcconfig in Resources */ = {isa = PBXBuildFile; fileRef = 7DE17E052B0413CB005F4848 /* Release.xcconfig */; };
		7DE17E082B0413CB005F4848 /* Debug.xcconfig in Resources */ = {isa = PBXBuildFile; fileRef = 7DE17E062B0413CB005F4848 /* Debug.xcconfig */; };
		7DE17E0E2B053C4E005F4848 /* TmdbClient.swift in Sources */ = {isa = PBXBuildFile; fileRef = 7DE17E0D2B053C4E005F4848 /* TmdbClient.swift */; };
		7DE17E102B06861C005F4848 /* Errorable.swift in Sources */ = {isa = PBXBuildFile; fileRef = 7DE17E0F2B06861C005F4848 /* Errorable.swift */; };
		7DE17E142B068B72005F4848 /* NetworkManager.swift in Sources */ = {isa = PBXBuildFile; fileRef = 7DE17E132B068B72005F4848 /* NetworkManager.swift */; };
		7DE17E1F2B068C60005F4848 /* Endpoint.swift in Sources */ = {isa = PBXBuildFile; fileRef = 7DE17E1E2B068C60005F4848 /* Endpoint.swift */; };
		7DED6C4D2B61ABA80085C777 /* TruncableText.swift in Sources */ = {isa = PBXBuildFile; fileRef = 7DED6C4C2B61ABA80085C777 /* TruncableText.swift */; };
		7DED6C4F2B61AE5D0085C777 /* ViewSizeReader.swift in Sources */ = {isa = PBXBuildFile; fileRef = 7DED6C4E2B61AE5D0085C777 /* ViewSizeReader.swift */; };
/* End PBXBuildFile section */

/* Begin PBXContainerItemProxy section */
		7D783B282B3F2719004BEEAD /* PBXContainerItemProxy */ = {
			isa = PBXContainerItemProxy;
			containerPortal = 7DD6D9622AF943B7004828AB /* Project object */;
			proxyType = 1;
			remoteGlobalIDString = 7DD6D9692AF943B7004828AB;
			remoteInfo = "Movies-TCA";
		};
/* End PBXContainerItemProxy section */

/* Begin PBXFileReference section */
		7D003EF62B35659800E03E50 /* VerticalKeyValueView.swift */ = {isa = PBXFileReference; lastKnownFileType = sourcecode.swift; path = VerticalKeyValueView.swift; sourceTree = "<group>"; };
		7D003EF82B35676000E03E50 /* AnyTransition+Extension.swift */ = {isa = PBXFileReference; lastKnownFileType = sourcecode.swift; path = "AnyTransition+Extension.swift"; sourceTree = "<group>"; };
		7D2093852B4D0754003B2B2C /* SettingLabelStyle.swift */ = {isa = PBXFileReference; lastKnownFileType = sourcecode.swift; path = SettingLabelStyle.swift; sourceTree = "<group>"; };
		7D2093892B4F1457003B2B2C /* Preferences.swift */ = {isa = PBXFileReference; lastKnownFileType = sourcecode.swift; path = Preferences.swift; sourceTree = "<group>"; };
		7D20938C2B4F1490003B2B2C /* UserDefault.swift */ = {isa = PBXFileReference; lastKnownFileType = sourcecode.swift; path = UserDefault.swift; sourceTree = "<group>"; };
		7D20938E2B4F1539003B2B2C /* Preference.swift */ = {isa = PBXFileReference; lastKnownFileType = sourcecode.swift; path = Preference.swift; sourceTree = "<group>"; };
		7D2093922B4F15AC003B2B2C /* PublisherObservableObject.swift */ = {isa = PBXFileReference; lastKnownFileType = sourcecode.swift; path = PublisherObservableObject.swift; sourceTree = "<group>"; };
		7D48B3972B5B007A00A248E3 /* LikedMovie.swift */ = {isa = PBXFileReference; lastKnownFileType = sourcecode.swift; path = LikedMovie.swift; sourceTree = "<group>"; };
		7D48B3992B5BB22000A248E3 /* DatabaseDependency.swift */ = {isa = PBXFileReference; lastKnownFileType = sourcecode.swift; path = DatabaseDependency.swift; sourceTree = "<group>"; };
		7D48B39E2B5D867800A248E3 /* CloseButton.swift */ = {isa = PBXFileReference; lastKnownFileType = sourcecode.swift; path = CloseButton.swift; sourceTree = "<group>"; };
		7D48B3A12B5EEF7000A248E3 /* Watchlist+Alerts.swift */ = {isa = PBXFileReference; lastKnownFileType = sourcecode.swift; path = "Watchlist+Alerts.swift"; sourceTree = "<group>"; };
		7D4BA7632BA609B700029DB4 /* HomeNavigator.swift */ = {isa = PBXFileReference; lastKnownFileType = sourcecode.swift; path = HomeNavigator.swift; sourceTree = "<group>"; };
		7D4BA7652BA609C200029DB4 /* HomeNavigatorView.swift */ = {isa = PBXFileReference; lastKnownFileType = sourcecode.swift; path = HomeNavigatorView.swift; sourceTree = "<group>"; };
		7D4BA7682BA78B1300029DB4 /* DiscoveryNavigator.swift */ = {isa = PBXFileReference; lastKnownFileType = sourcecode.swift; path = DiscoveryNavigator.swift; sourceTree = "<group>"; };
		7D4BA76A2BA78B1B00029DB4 /* DiscoveryNavigatorView.swift */ = {isa = PBXFileReference; lastKnownFileType = sourcecode.swift; path = DiscoveryNavigatorView.swift; sourceTree = "<group>"; };
		7D4BA76D2BAAC3EC00029DB4 /* SearchNavigator.swift */ = {isa = PBXFileReference; lastKnownFileType = sourcecode.swift; path = SearchNavigator.swift; sourceTree = "<group>"; };
		7D4BA76F2BAAC3F700029DB4 /* SearchNavigatorView.swift */ = {isa = PBXFileReference; lastKnownFileType = sourcecode.swift; path = SearchNavigatorView.swift; sourceTree = "<group>"; };
		7D513F7B2B17221A0040F913 /* PreferencesFeature.swift */ = {isa = PBXFileReference; lastKnownFileType = sourcecode.swift; path = PreferencesFeature.swift; sourceTree = "<group>"; };
		7D513F7D2B1722210040F913 /* PreferencesView.swift */ = {isa = PBXFileReference; lastKnownFileType = sourcecode.swift; path = PreferencesView.swift; sourceTree = "<group>"; };
		7D513F802B1A3D810040F913 /* Numeric+Extension.swift */ = {isa = PBXFileReference; lastKnownFileType = sourcecode.swift; path = "Numeric+Extension.swift"; sourceTree = "<group>"; };
		7D68752E2B405D8300882EA9 /* HomeTests.swift */ = {isa = PBXFileReference; lastKnownFileType = sourcecode.swift; path = HomeTests.swift; sourceTree = "<group>"; };
		7D6875332B4A740800882EA9 /* Localizable.xcstrings */ = {isa = PBXFileReference; lastKnownFileType = text.json.xcstrings; path = Localizable.xcstrings; sourceTree = "<group>"; };
		7D6875362B4B29E900882EA9 /* MoviesListType.swift */ = {isa = PBXFileReference; lastKnownFileType = sourcecode.swift; path = MoviesListType.swift; sourceTree = "<group>"; };
		7D6875382B4B371A00882EA9 /* LocalizedStringKey+Extension.swift */ = {isa = PBXFileReference; lastKnownFileType = sourcecode.swift; path = "LocalizedStringKey+Extension.swift"; sourceTree = "<group>"; };
		7D77E6182B113F4E00B308A6 /* MovieView.swift */ = {isa = PBXFileReference; lastKnownFileType = sourcecode.swift; path = MovieView.swift; sourceTree = "<group>"; };
		7D77E61A2B113F5800B308A6 /* MovieFeature.swift */ = {isa = PBXFileReference; lastKnownFileType = sourcecode.swift; path = MovieFeature.swift; sourceTree = "<group>"; };
		7D77E6272B13B70C00B308A6 /* MoviesListView.swift */ = {isa = PBXFileReference; lastKnownFileType = sourcecode.swift; path = MoviesListView.swift; sourceTree = "<group>"; };
		7D77E6292B13B71900B308A6 /* MoviesListFeature.swift */ = {isa = PBXFileReference; lastKnownFileType = sourcecode.swift; path = MoviesListFeature.swift; sourceTree = "<group>"; };
		7D77E62D2B15BCB500B308A6 /* TagCloudsView.swift */ = {isa = PBXFileReference; fileEncoding = 4; lastKnownFileType = sourcecode.swift; path = TagCloudsView.swift; sourceTree = "<group>"; };
		7D77E6312B16551700B308A6 /* TagButtonStyle.swift */ = {isa = PBXFileReference; lastKnownFileType = sourcecode.swift; path = TagButtonStyle.swift; sourceTree = "<group>"; };
		7D783B162B3A14A2004BEEAD /* Movie+Preview.swift */ = {isa = PBXFileReference; lastKnownFileType = sourcecode.swift; path = "Movie+Preview.swift"; sourceTree = "<group>"; };
		7D783B182B3A14C1004BEEAD /* MovieDetails+Preview.swift */ = {isa = PBXFileReference; lastKnownFileType = sourcecode.swift; path = "MovieDetails+Preview.swift"; sourceTree = "<group>"; };
		7D783B1A2B3A14D9004BEEAD /* CastMember+Preview.swift */ = {isa = PBXFileReference; lastKnownFileType = sourcecode.swift; path = "CastMember+Preview.swift"; sourceTree = "<group>"; };
		7D783B1C2B3A14F5004BEEAD /* CrewMember+Preview.swift */ = {isa = PBXFileReference; lastKnownFileType = sourcecode.swift; path = "CrewMember+Preview.swift"; sourceTree = "<group>"; };
		7D783B1E2B3A1538004BEEAD /* MoviesList+Preview.swift */ = {isa = PBXFileReference; lastKnownFileType = sourcecode.swift; path = "MoviesList+Preview.swift"; sourceTree = "<group>"; };
		7D783B242B3F2719004BEEAD /* Movies-TCA-Tests.xctest */ = {isa = PBXFileReference; explicitFileType = wrapper.cfbundle; includeInIndex = 0; path = "Movies-TCA-Tests.xctest"; sourceTree = BUILT_PRODUCTS_DIR; };
		7D783B2D2B3F2775004BEEAD /* RootTests.swift */ = {isa = PBXFileReference; lastKnownFileType = sourcecode.swift; path = RootTests.swift; sourceTree = "<group>"; };
		7D783B2F2B3F2F17004BEEAD /* Genres+Preview.swift */ = {isa = PBXFileReference; lastKnownFileType = sourcecode.swift; path = "Genres+Preview.swift"; sourceTree = "<group>"; };
		7D7D83022B35637E00819A01 /* ProductionCountry.swift */ = {isa = PBXFileReference; lastKnownFileType = sourcecode.swift; path = ProductionCountry.swift; sourceTree = "<group>"; };
		7D810E3D2B2B9967004A67AB /* MovieDetailsJsonResolver.swift */ = {isa = PBXFileReference; lastKnownFileType = sourcecode.swift; path = MovieDetailsJsonResolver.swift; sourceTree = "<group>"; };
		7D810E3F2B2B9CA7004A67AB /* MovieDetailsStub.json */ = {isa = PBXFileReference; lastKnownFileType = text.json; path = MovieDetailsStub.json; sourceTree = "<group>"; };
		7D8F6FEA2B9593E2006F6B86 /* RootNavigator.swift */ = {isa = PBXFileReference; lastKnownFileType = sourcecode.swift; path = RootNavigator.swift; sourceTree = "<group>"; };
		7D8F6FEC2B9593EE006F6B86 /* RootNavigatorView.swift */ = {isa = PBXFileReference; lastKnownFileType = sourcecode.swift; path = RootNavigatorView.swift; sourceTree = "<group>"; };
		7D8F6FEE2B95948F006F6B86 /* AppDataDependency.swift */ = {isa = PBXFileReference; lastKnownFileType = sourcecode.swift; path = AppDataDependency.swift; sourceTree = "<group>"; };
		7D8F6FF02B9594BD006F6B86 /* AppData.swift */ = {isa = PBXFileReference; lastKnownFileType = sourcecode.swift; path = AppData.swift; sourceTree = "<group>"; };
		7D8F6FF32B9597FB006F6B86 /* SplashFeature.swift */ = {isa = PBXFileReference; lastKnownFileType = sourcecode.swift; path = SplashFeature.swift; sourceTree = "<group>"; };
		7DA4DEEB2B20483100D8E292 /* WatchlistFeature.swift */ = {isa = PBXFileReference; lastKnownFileType = sourcecode.swift; path = WatchlistFeature.swift; sourceTree = "<group>"; };
		7DA4DEED2B20483D00D8E292 /* WatchlistView.swift */ = {isa = PBXFileReference; lastKnownFileType = sourcecode.swift; path = WatchlistView.swift; sourceTree = "<group>"; };
		7DA4DEEF2B28F30F00D8E292 /* Credits.swift */ = {isa = PBXFileReference; lastKnownFileType = sourcecode.swift; path = Credits.swift; sourceTree = "<group>"; };
		7DA4DEF12B28F35C00D8E292 /* CastMember.swift */ = {isa = PBXFileReference; lastKnownFileType = sourcecode.swift; path = CastMember.swift; sourceTree = "<group>"; };
		7DA4DEF32B28F39F00D8E292 /* CrewMember.swift */ = {isa = PBXFileReference; lastKnownFileType = sourcecode.swift; path = CrewMember.swift; sourceTree = "<group>"; };
		7DA4DEFC2B28F7D000D8E292 /* MovieDetails.swift */ = {isa = PBXFileReference; lastKnownFileType = sourcecode.swift; path = MovieDetails.swift; sourceTree = "<group>"; };
		7DB688AC2B2CF4FF0007D98E /* ProcessInfo+Extension.swift */ = {isa = PBXFileReference; lastKnownFileType = sourcecode.swift; path = "ProcessInfo+Extension.swift"; sourceTree = "<group>"; };
		7DB688AE2B2CF6930007D98E /* StretchyHeader.swift */ = {isa = PBXFileReference; lastKnownFileType = sourcecode.swift; path = StretchyHeader.swift; sourceTree = "<group>"; };
		7DB688B02B2CF6E80007D98E /* ScrollViewOffset.swift */ = {isa = PBXFileReference; lastKnownFileType = sourcecode.swift; path = ScrollViewOffset.swift; sourceTree = "<group>"; };
		7DB688B22B2CF7130007D98E /* Comparable+Extension.swift */ = {isa = PBXFileReference; lastKnownFileType = sourcecode.swift; path = "Comparable+Extension.swift"; sourceTree = "<group>"; };
		7DB688B82B2CF8240007D98E /* WebImage+Extension.swift */ = {isa = PBXFileReference; lastKnownFileType = sourcecode.swift; path = "WebImage+Extension.swift"; sourceTree = "<group>"; };
		7DB688BA2B2D7D670007D98E /* Int+Extension.swift */ = {isa = PBXFileReference; lastKnownFileType = sourcecode.swift; path = "Int+Extension.swift"; sourceTree = "<group>"; };
		7DB688BE2B2E190A0007D98E /* DynamicSheetHeight.swift */ = {isa = PBXFileReference; lastKnownFileType = sourcecode.swift; path = DynamicSheetHeight.swift; sourceTree = "<group>"; };
		7DB688C02B3032550007D98E /* DynamicSheet.swift */ = {isa = PBXFileReference; lastKnownFileType = sourcecode.swift; path = DynamicSheet.swift; sourceTree = "<group>"; };
		7DB688C32B32126E0007D98E /* CastMembersView.swift */ = {isa = PBXFileReference; lastKnownFileType = sourcecode.swift; path = CastMembersView.swift; sourceTree = "<group>"; };
		7DB688C52B3212EF0007D98E /* MovieHeaderView.swift */ = {isa = PBXFileReference; lastKnownFileType = sourcecode.swift; path = MovieHeaderView.swift; sourceTree = "<group>"; };
		7DB688C72B32160A0007D98E /* CircularPersonImage.swift */ = {isa = PBXFileReference; lastKnownFileType = sourcecode.swift; path = CircularPersonImage.swift; sourceTree = "<group>"; };
		7DB688C92B32173A0007D98E /* Person.swift */ = {isa = PBXFileReference; lastKnownFileType = sourcecode.swift; path = Person.swift; sourceTree = "<group>"; };
		7DB688CC2B32C1330007D98E /* DirectorView.swift */ = {isa = PBXFileReference; lastKnownFileType = sourcecode.swift; path = DirectorView.swift; sourceTree = "<group>"; };
		7DC8D1552B1B75DF00193A64 /* SearchMoviesStub.json */ = {isa = PBXFileReference; lastKnownFileType = text.json; path = SearchMoviesStub.json; sourceTree = "<group>"; };
		7DC8D1572B1B78CF00193A64 /* DiscoverMoviesStub.json */ = {isa = PBXFileReference; lastKnownFileType = text.json; path = DiscoverMoviesStub.json; sourceTree = "<group>"; };
		7DC8D1592B1B793D00193A64 /* MoviesList.swift */ = {isa = PBXFileReference; lastKnownFileType = sourcecode.swift; path = MoviesList.swift; sourceTree = "<group>"; };
		7DC8D15B2B1E3BB800193A64 /* MovieListButton.swift */ = {isa = PBXFileReference; lastKnownFileType = sourcecode.swift; path = MovieListButton.swift; sourceTree = "<group>"; };
		7DD570962B4F2DAB00042F88 /* ColorSchemeAdjust.swift */ = {isa = PBXFileReference; lastKnownFileType = sourcecode.swift; path = ColorSchemeAdjust.swift; sourceTree = "<group>"; };
		7DD570A02B54792200042F88 /* LikeButton.swift */ = {isa = PBXFileReference; lastKnownFileType = sourcecode.swift; path = LikeButton.swift; sourceTree = "<group>"; };
		7DD6D96A2AF943B7004828AB /* Movies-TCA.app */ = {isa = PBXFileReference; explicitFileType = wrapper.application; includeInIndex = 0; path = "Movies-TCA.app"; sourceTree = BUILT_PRODUCTS_DIR; };
		7DD6D96D2AF943B7004828AB /* MoviesApp.swift */ = {isa = PBXFileReference; lastKnownFileType = sourcecode.swift; path = MoviesApp.swift; sourceTree = "<group>"; };
		7DD6D9712AF943B8004828AB /* Assets.xcassets */ = {isa = PBXFileReference; lastKnownFileType = folder.assetcatalog; path = Assets.xcassets; sourceTree = "<group>"; };
		7DD6D9742AF943B8004828AB /* Preview Assets.xcassets */ = {isa = PBXFileReference; lastKnownFileType = folder.assetcatalog; path = "Preview Assets.xcassets"; sourceTree = "<group>"; };
		7DDA64352B079863008BF425 /* TmdbEndpoint.swift */ = {isa = PBXFileReference; lastKnownFileType = sourcecode.swift; path = TmdbEndpoint.swift; sourceTree = "<group>"; };
		7DDA64372B0798C1008BF425 /* TmdbAuthenticator.swift */ = {isa = PBXFileReference; lastKnownFileType = sourcecode.swift; path = TmdbAuthenticator.swift; sourceTree = "<group>"; };
		7DDA64392B0799B1008BF425 /* Authenticating.swift */ = {isa = PBXFileReference; lastKnownFileType = sourcecode.swift; path = Authenticating.swift; sourceTree = "<group>"; };
		7DDA643B2B07A8E2008BF425 /* JsonResolver.swift */ = {isa = PBXFileReference; lastKnownFileType = sourcecode.swift; path = JsonResolver.swift; sourceTree = "<group>"; };
		7DDA643F2B094635008BF425 /* Result+Extension.swift */ = {isa = PBXFileReference; lastKnownFileType = sourcecode.swift; path = "Result+Extension.swift"; sourceTree = "<group>"; };
		7DDA64412B094C8B008BF425 /* HTTPMethod.swift */ = {isa = PBXFileReference; lastKnownFileType = sourcecode.swift; path = HTTPMethod.swift; sourceTree = "<group>"; };
		7DDA64442B094DA8008BF425 /* HTTPTask.swift */ = {isa = PBXFileReference; lastKnownFileType = sourcecode.swift; path = HTTPTask.swift; sourceTree = "<group>"; };
		7DDA644C2B0AB023008BF425 /* URLRequest+Extension.swift */ = {isa = PBXFileReference; lastKnownFileType = sourcecode.swift; path = "URLRequest+Extension.swift"; sourceTree = "<group>"; };
		7DDA644E2B0AB02C008BF425 /* Data+Extension.swift */ = {isa = PBXFileReference; lastKnownFileType = sourcecode.swift; path = "Data+Extension.swift"; sourceTree = "<group>"; };
		7DDA64512B0C79B5008BF425 /* TmdbClientDependency.swift */ = {isa = PBXFileReference; lastKnownFileType = sourcecode.swift; path = TmdbClientDependency.swift; sourceTree = "<group>"; };
		7DDA64532B0DD407008BF425 /* Date+Extension.swift */ = {isa = PBXFileReference; lastKnownFileType = sourcecode.swift; path = "Date+Extension.swift"; sourceTree = "<group>"; };
		7DDA64562B0E7DB8008BF425 /* MoviesPagerView.swift */ = {isa = PBXFileReference; lastKnownFileType = sourcecode.swift; path = MoviesPagerView.swift; sourceTree = "<group>"; };
		7DDA64582B0E8780008BF425 /* Constants.swift */ = {isa = PBXFileReference; lastKnownFileType = sourcecode.swift; path = Constants.swift; sourceTree = "<group>"; };
		7DDA645E2B0E8CBD008BF425 /* ListGenresStub.json */ = {isa = PBXFileReference; lastKnownFileType = text.json; path = ListGenresStub.json; sourceTree = "<group>"; };
		7DDA64622B0E8D04008BF425 /* PopularMoviesStub.json */ = {isa = PBXFileReference; lastKnownFileType = text.json; path = PopularMoviesStub.json; sourceTree = "<group>"; };
		7DDA64642B0E8D0F008BF425 /* NowPlayingMoviesStub.json */ = {isa = PBXFileReference; lastKnownFileType = text.json; path = NowPlayingMoviesStub.json; sourceTree = "<group>"; };
		7DDA64662B0E8D1A008BF425 /* UpcomingMoviesStub.json */ = {isa = PBXFileReference; lastKnownFileType = text.json; path = UpcomingMoviesStub.json; sourceTree = "<group>"; };
		7DDA64682B0E8D3B008BF425 /* TopRatedMoviesStub.json */ = {isa = PBXFileReference; lastKnownFileType = text.json; path = TopRatedMoviesStub.json; sourceTree = "<group>"; };
		7DDA646A2B0E8E25008BF425 /* Mock.swift */ = {isa = PBXFileReference; lastKnownFileType = sourcecode.swift; path = Mock.swift; sourceTree = "<group>"; };
		7DDA646C2B0FC15D008BF425 /* MoviesCollectionView.swift */ = {isa = PBXFileReference; lastKnownFileType = sourcecode.swift; path = MoviesCollectionView.swift; sourceTree = "<group>"; };
		7DDA646E2B0FC2C1008BF425 /* SectionHeader.swift */ = {isa = PBXFileReference; lastKnownFileType = sourcecode.swift; path = SectionHeader.swift; sourceTree = "<group>"; };
		7DDA64702B0FC31D008BF425 /* EdgeInsets+Extension.swift */ = {isa = PBXFileReference; lastKnownFileType = sourcecode.swift; path = "EdgeInsets+Extension.swift"; sourceTree = "<group>"; };
		7DDA64732B0FC434008BF425 /* Font+Extension.swift */ = {isa = PBXFileReference; lastKnownFileType = sourcecode.swift; path = "Font+Extension.swift"; sourceTree = "<group>"; };
		7DDA64762B10959C008BF425 /* SearchFeature.swift */ = {isa = PBXFileReference; lastKnownFileType = sourcecode.swift; path = SearchFeature.swift; sourceTree = "<group>"; };
		7DDA64782B1095A6008BF425 /* SearchView.swift */ = {isa = PBXFileReference; lastKnownFileType = sourcecode.swift; path = SearchView.swift; sourceTree = "<group>"; };
		7DE17DD32AFE0BC1005F4848 /* OnFirstAppear.swift */ = {isa = PBXFileReference; fileEncoding = 4; lastKnownFileType = sourcecode.swift; path = OnFirstAppear.swift; sourceTree = "<group>"; };
		7DE17DD82AFFDE4E005F4848 /* DiscoveryView.swift */ = {isa = PBXFileReference; lastKnownFileType = sourcecode.swift; path = DiscoveryView.swift; sourceTree = "<group>"; };
		7DE17DDA2AFFDE56005F4848 /* DiscoveryFeature.swift */ = {isa = PBXFileReference; lastKnownFileType = sourcecode.swift; path = DiscoveryFeature.swift; sourceTree = "<group>"; };
		7DE17DDD2B00B073005F4848 /* Movie.swift */ = {isa = PBXFileReference; lastKnownFileType = sourcecode.swift; path = Movie.swift; sourceTree = "<group>"; };
		7DE17DE92B014719005F4848 /* SplashView.swift */ = {isa = PBXFileReference; lastKnownFileType = sourcecode.swift; path = SplashView.swift; sourceTree = "<group>"; };
		7DE17DEF2B01F6A2005F4848 /* Genre.swift */ = {isa = PBXFileReference; lastKnownFileType = sourcecode.swift; path = Genre.swift; sourceTree = "<group>"; };
		7DE17DF62B01F96A005F4848 /* Collection+Extension.swift */ = {isa = PBXFileReference; lastKnownFileType = sourcecode.swift; path = "Collection+Extension.swift"; sourceTree = "<group>"; };
		7DE17DFA2B040D25005F4848 /* TmdbError.swift */ = {isa = PBXFileReference; lastKnownFileType = sourcecode.swift; path = TmdbError.swift; sourceTree = "<group>"; };
		7DE17E012B041357005F4848 /* Config.swift */ = {isa = PBXFileReference; lastKnownFileType = sourcecode.swift; path = Config.swift; sourceTree = "<group>"; };
		7DE17E032B0413A1005F4848 /* String+Extension.swift */ = {isa = PBXFileReference; lastKnownFileType = sourcecode.swift; path = "String+Extension.swift"; sourceTree = "<group>"; };
		7DE17E052B0413CB005F4848 /* Release.xcconfig */ = {isa = PBXFileReference; fileEncoding = 4; lastKnownFileType = text.xcconfig; path = Release.xcconfig; sourceTree = "<group>"; };
		7DE17E062B0413CB005F4848 /* Debug.xcconfig */ = {isa = PBXFileReference; fileEncoding = 4; lastKnownFileType = text.xcconfig; path = Debug.xcconfig; sourceTree = "<group>"; };
		7DE17E092B0415B6005F4848 /* Info.plist */ = {isa = PBXFileReference; lastKnownFileType = text.plist; path = Info.plist; sourceTree = "<group>"; };
		7DE17E0D2B053C4E005F4848 /* TmdbClient.swift */ = {isa = PBXFileReference; lastKnownFileType = sourcecode.swift; path = TmdbClient.swift; sourceTree = "<group>"; };
		7DE17E0F2B06861C005F4848 /* Errorable.swift */ = {isa = PBXFileReference; lastKnownFileType = sourcecode.swift; path = Errorable.swift; sourceTree = "<group>"; };
		7DE17E132B068B72005F4848 /* NetworkManager.swift */ = {isa = PBXFileReference; lastKnownFileType = sourcecode.swift; path = NetworkManager.swift; sourceTree = "<group>"; };
		7DE17E1E2B068C60005F4848 /* Endpoint.swift */ = {isa = PBXFileReference; lastKnownFileType = sourcecode.swift; path = Endpoint.swift; sourceTree = "<group>"; };
		7DED6C4C2B61ABA80085C777 /* TruncableText.swift */ = {isa = PBXFileReference; lastKnownFileType = sourcecode.swift; path = TruncableText.swift; sourceTree = "<group>"; };
		7DED6C4E2B61AE5D0085C777 /* ViewSizeReader.swift */ = {isa = PBXFileReference; lastKnownFileType = sourcecode.swift; path = ViewSizeReader.swift; sourceTree = "<group>"; };
/* End PBXFileReference section */

/* Begin PBXFrameworksBuildPhase section */
		7D783B212B3F2719004BEEAD /* Frameworks */ = {
			isa = PBXFrameworksBuildPhase;
			buildActionMask = 2147483647;
			files = (
			);
			runOnlyForDeploymentPostprocessing = 0;
		};
		7DD6D9672AF943B7004828AB /* Frameworks */ = {
			isa = PBXFrameworksBuildPhase;
			buildActionMask = 2147483647;
			files = (
				7DD570A42B559EF100042F88 /* Pow in Frameworks */,
				7DDA645C2B0E8ABF008BF425 /* SDWebImageSwiftUI in Frameworks */,
				7DE17DC62AFE0325005F4848 /* ComposableArchitecture in Frameworks */,
			);
			runOnlyForDeploymentPostprocessing = 0;
		};
/* End PBXFrameworksBuildPhase section */

/* Begin PBXGroup section */
		7D2093842B4D06F1003B2B2C /* Label Styles */ = {
			isa = PBXGroup;
			children = (
				7D2093852B4D0754003B2B2C /* SettingLabelStyle.swift */,
			);
			path = "Label Styles";
			sourceTree = "<group>";
		};
		7D20938B2B4F147B003B2B2C /* Preferences */ = {
			isa = PBXGroup;
			children = (
				7D2093892B4F1457003B2B2C /* Preferences.swift */,
				7D20938C2B4F1490003B2B2C /* UserDefault.swift */,
				7D20938E2B4F1539003B2B2C /* Preference.swift */,
			);
			path = Preferences;
			sourceTree = "<group>";
		};
		7D2093912B4F15A0003B2B2C /* Classes */ = {
			isa = PBXGroup;
			children = (
				7D2093922B4F15AC003B2B2C /* PublisherObservableObject.swift */,
			);
			path = Classes;
			sourceTree = "<group>";
		};
		7D48B39D2B5D866800A248E3 /* Buttons */ = {
			isa = PBXGroup;
			children = (
				7DD570A02B54792200042F88 /* LikeButton.swift */,
				7D48B39E2B5D867800A248E3 /* CloseButton.swift */,
			);
			path = Buttons;
			sourceTree = "<group>";
		};
		7D48B3A02B5EEF5F00A248E3 /* Alerts */ = {
			isa = PBXGroup;
			children = (
				7D48B3A12B5EEF7000A248E3 /* Watchlist+Alerts.swift */,
			);
			path = Alerts;
			sourceTree = "<group>";
		};
		7D4BA7622BA609A700029DB4 /* Home */ = {
			isa = PBXGroup;
			children = (
				7D4BA7632BA609B700029DB4 /* HomeNavigator.swift */,
				7D4BA7652BA609C200029DB4 /* HomeNavigatorView.swift */,
			);
			path = Home;
			sourceTree = "<group>";
		};
		7D4BA7672BA78AEB00029DB4 /* Discovery */ = {
			isa = PBXGroup;
			children = (
				7D4BA7682BA78B1300029DB4 /* DiscoveryNavigator.swift */,
				7D4BA76A2BA78B1B00029DB4 /* DiscoveryNavigatorView.swift */,
			);
			path = Discovery;
			sourceTree = "<group>";
		};
		7D4BA76C2BAAC3DA00029DB4 /* Search */ = {
			isa = PBXGroup;
			children = (
				7D4BA76D2BAAC3EC00029DB4 /* SearchNavigator.swift */,
				7D4BA76F2BAAC3F700029DB4 /* SearchNavigatorView.swift */,
			);
			path = Search;
			sourceTree = "<group>";
		};
		7D513F7A2B17220D0040F913 /* Preferences */ = {
			isa = PBXGroup;
			children = (
				7D513F7B2B17221A0040F913 /* PreferencesFeature.swift */,
				7D513F7D2B1722210040F913 /* PreferencesView.swift */,
			);
			path = Preferences;
			sourceTree = "<group>";
		};
		7D6875322B4A73F100882EA9 /* Localization */ = {
			isa = PBXGroup;
			children = (
				7D6875332B4A740800882EA9 /* Localizable.xcstrings */,
			);
			path = Localization;
			sourceTree = "<group>";
		};
		7D6875352B4B29CA00882EA9 /* MoviesList */ = {
			isa = PBXGroup;
			children = (
				7DC8D1592B1B793D00193A64 /* MoviesList.swift */,
				7D6875362B4B29E900882EA9 /* MoviesListType.swift */,
			);
			path = MoviesList;
			sourceTree = "<group>";
		};
		7D77E6172B113F3900B308A6 /* Movie */ = {
			isa = PBXGroup;
			children = (
				7D77E61A2B113F5800B308A6 /* MovieFeature.swift */,
				7D77E6182B113F4E00B308A6 /* MovieView.swift */,
				7DB688C22B3212150007D98E /* Subviews */,
			);
			path = Movie;
			sourceTree = "<group>";
		};
		7D77E6262B13B6F300B308A6 /* MoviesList */ = {
			isa = PBXGroup;
			children = (
				7D77E6292B13B71900B308A6 /* MoviesListFeature.swift */,
				7D77E6272B13B70C00B308A6 /* MoviesListView.swift */,
			);
			path = MoviesList;
			sourceTree = "<group>";
		};
		7D77E62F2B16550000B308A6 /* Styles */ = {
			isa = PBXGroup;
			children = (
				7D77E6302B16550700B308A6 /* Button Styles */,
				7D2093842B4D06F1003B2B2C /* Label Styles */,
			);
			path = Styles;
			sourceTree = "<group>";
		};
		7D77E6302B16550700B308A6 /* Button Styles */ = {
			isa = PBXGroup;
			children = (
				7D77E6312B16551700B308A6 /* TagButtonStyle.swift */,
			);
			path = "Button Styles";
			sourceTree = "<group>";
		};
		7D783B252B3F2719004BEEAD /* Movies-TCA-Tests */ = {
			isa = PBXGroup;
			children = (
				7D783B2D2B3F2775004BEEAD /* RootTests.swift */,
				7D68752E2B405D8300882EA9 /* HomeTests.swift */,
			);
			path = "Movies-TCA-Tests";
			sourceTree = "<group>";
		};
		7D810E3C2B2B9945004A67AB /* JsonResolvers */ = {
			isa = PBXGroup;
			children = (
				7D810E3D2B2B9967004A67AB /* MovieDetailsJsonResolver.swift */,
			);
			path = JsonResolvers;
			sourceTree = "<group>";
		};
		7D8F6FF22B95957D006F6B86 /* Root */ = {
			isa = PBXGroup;
			children = (
				7D8F6FEA2B9593E2006F6B86 /* RootNavigator.swift */,
				7D8F6FEC2B9593EE006F6B86 /* RootNavigatorView.swift */,
			);
			path = Root;
			sourceTree = "<group>";
		};
		7DA4DEEA2B20480900D8E292 /* Watchlist */ = {
			isa = PBXGroup;
			children = (
				7DA4DEEB2B20483100D8E292 /* WatchlistFeature.swift */,
				7DA4DEED2B20483D00D8E292 /* WatchlistView.swift */,
			);
			path = Watchlist;
			sourceTree = "<group>";
		};
		7DA4DEF92B28F77600D8E292 /* Movie Details */ = {
			isa = PBXGroup;
			children = (
				7DA4DEFC2B28F7D000D8E292 /* MovieDetails.swift */,
				7DA4DEF12B28F35C00D8E292 /* CastMember.swift */,
				7DA4DEEF2B28F30F00D8E292 /* Credits.swift */,
				7DA4DEF32B28F39F00D8E292 /* CrewMember.swift */,
			);
			path = "Movie Details";
			sourceTree = "<group>";
		};
		7DB688B72B2CF8160007D98E /* SDWebImage */ = {
			isa = PBXGroup;
			children = (
				7DB688B82B2CF8240007D98E /* WebImage+Extension.swift */,
			);
			path = SDWebImage;
			sourceTree = "<group>";
		};
		7DB688C22B3212150007D98E /* Subviews */ = {
			isa = PBXGroup;
			children = (
				7DB688C52B3212EF0007D98E /* MovieHeaderView.swift */,
				7DB688C32B32126E0007D98E /* CastMembersView.swift */,
				7DB688CC2B32C1330007D98E /* DirectorView.swift */,
			);
			path = Subviews;
			sourceTree = "<group>";
		};
		7DD6D9612AF943B7004828AB = {
			isa = PBXGroup;
			children = (
				7DD6D96C2AF943B7004828AB /* Movies-TCA */,
				7D783B252B3F2719004BEEAD /* Movies-TCA-Tests */,
				7DD6D96B2AF943B7004828AB /* Products */,
			);
			sourceTree = "<group>";
		};
		7DD6D96B2AF943B7004828AB /* Products */ = {
			isa = PBXGroup;
			children = (
				7DD6D96A2AF943B7004828AB /* Movies-TCA.app */,
				7D783B242B3F2719004BEEAD /* Movies-TCA-Tests.xctest */,
			);
			name = Products;
			sourceTree = "<group>";
		};
		7DD6D96C2AF943B7004828AB /* Movies-TCA */ = {
			isa = PBXGroup;
			children = (
				7DE17E092B0415B6005F4848 /* Info.plist */,
				7DE17DC92AFE04BD005F4848 /* App */,
				7DE17DDC2B00B064005F4848 /* Models */,
				7DDE9E552B85145100BE95FE /* Navigators */,
				7DE17DCE2AFE0528005F4848 /* Modules */,
				7DE17DCC2AFE04FD005F4848 /* Networking */,
				7DE17DCD2AFE050D005F4848 /* Support */,
				7DE17DCB2AFE04F0005F4848 /* Utility */,
				7DDA64552B0E7DA4008BF425 /* Views */,
			);
			path = "Movies-TCA";
			sourceTree = "<group>";
		};
		7DD6D9732AF943B8004828AB /* Preview Content */ = {
			isa = PBXGroup;
			children = (
				7DD6D9742AF943B8004828AB /* Preview Assets.xcassets */,
				7D783B1A2B3A14D9004BEEAD /* CastMember+Preview.swift */,
				7D783B1C2B3A14F5004BEEAD /* CrewMember+Preview.swift */,
				7D783B2F2B3F2F17004BEEAD /* Genres+Preview.swift */,
				7D783B162B3A14A2004BEEAD /* Movie+Preview.swift */,
				7D783B182B3A14C1004BEEAD /* MovieDetails+Preview.swift */,
				7D783B1E2B3A1538004BEEAD /* MoviesList+Preview.swift */,
			);
			path = "Preview Content";
			sourceTree = "<group>";
		};
		7DDA64432B094CF0008BF425 /* Base */ = {
			isa = PBXGroup;
			children = (
				7DDA64392B0799B1008BF425 /* Authenticating.swift */,
				7DE17E1E2B068C60005F4848 /* Endpoint.swift */,
				7DE17E0F2B06861C005F4848 /* Errorable.swift */,
				7DDA64412B094C8B008BF425 /* HTTPMethod.swift */,
				7DDA64442B094DA8008BF425 /* HTTPTask.swift */,
				7DDA643B2B07A8E2008BF425 /* JsonResolver.swift */,
				7DE17E132B068B72005F4848 /* NetworkManager.swift */,
				7DDA646A2B0E8E25008BF425 /* Mock.swift */,
			);
			path = Base;
			sourceTree = "<group>";
		};
		7DDA64502B0C7662008BF425 /* Dependencies */ = {
			isa = PBXGroup;
			children = (
				7D8F6FEE2B95948F006F6B86 /* AppDataDependency.swift */,
				7D48B3992B5BB22000A248E3 /* DatabaseDependency.swift */,
				7DDA64512B0C79B5008BF425 /* TmdbClientDependency.swift */,
			);
			path = Dependencies;
			sourceTree = "<group>";
		};
		7DDA64552B0E7DA4008BF425 /* Views */ = {
			isa = PBXGroup;
			children = (
				7DB688C72B32160A0007D98E /* CircularPersonImage.swift */,
				7DC8D15B2B1E3BB800193A64 /* MovieListButton.swift */,
				7DDA646C2B0FC15D008BF425 /* MoviesCollectionView.swift */,
				7DDA64562B0E7DB8008BF425 /* MoviesPagerView.swift */,
				7D48B39D2B5D866800A248E3 /* Buttons */,
				7DED6C512B61AF580085C777 /* Reusables */,
			);
			path = Views;
			sourceTree = "<group>";
		};
		7DDA645D2B0E8C6D008BF425 /* Mocks */ = {
			isa = PBXGroup;
			children = (
				7DDA645E2B0E8CBD008BF425 /* ListGenresStub.json */,
				7DDA64642B0E8D0F008BF425 /* NowPlayingMoviesStub.json */,
				7DDA64622B0E8D04008BF425 /* PopularMoviesStub.json */,
				7DDA64682B0E8D3B008BF425 /* TopRatedMoviesStub.json */,
				7DDA64662B0E8D1A008BF425 /* UpcomingMoviesStub.json */,
				7DC8D1552B1B75DF00193A64 /* SearchMoviesStub.json */,
				7DC8D1572B1B78CF00193A64 /* DiscoverMoviesStub.json */,
				7D810E3F2B2B9CA7004A67AB /* MovieDetailsStub.json */,
			);
			path = Mocks;
			sourceTree = "<group>";
		};
		7DDA64722B0FC328008BF425 /* SwiftUI */ = {
			isa = PBXGroup;
			children = (
				7D003EF82B35676000E03E50 /* AnyTransition+Extension.swift */,
				7DDA64702B0FC31D008BF425 /* EdgeInsets+Extension.swift */,
				7DDA64732B0FC434008BF425 /* Font+Extension.swift */,
				7D6875382B4B371A00882EA9 /* LocalizedStringKey+Extension.swift */,
			);
			path = SwiftUI;
			sourceTree = "<group>";
		};
		7DDA64752B109525008BF425 /* Search */ = {
			isa = PBXGroup;
			children = (
				7DDA64762B10959C008BF425 /* SearchFeature.swift */,
				7DDA64782B1095A6008BF425 /* SearchView.swift */,
			);
			path = Search;
			sourceTree = "<group>";
		};
		7DDE9E552B85145100BE95FE /* Navigators */ = {
			isa = PBXGroup;
			children = (
				7D8F6FF22B95957D006F6B86 /* Root */,
				7D4BA7622BA609A700029DB4 /* Home */,
				7D4BA7672BA78AEB00029DB4 /* Discovery */,
				7D4BA76C2BAAC3DA00029DB4 /* Search */,
			);
			path = Navigators;
			sourceTree = "<group>";
		};
		7DE17DC92AFE04BD005F4848 /* App */ = {
			isa = PBXGroup;
			children = (
				7DD6D96D2AF943B7004828AB /* MoviesApp.swift */,
				7D8F6FF02B9594BD006F6B86 /* AppData.swift */,
			);
			path = App;
			sourceTree = "<group>";
		};
		7DE17DCA2AFE04E4005F4848 /* Resources */ = {
			isa = PBXGroup;
			children = (
				7DD6D9712AF943B8004828AB /* Assets.xcassets */,
				7DD6D9732AF943B8004828AB /* Preview Content */,
			);
			path = Resources;
			sourceTree = "<group>";
		};
		7DE17DCB2AFE04F0005F4848 /* Utility */ = {
			isa = PBXGroup;
			children = (
				7DDA64582B0E8780008BF425 /* Constants.swift */,
				7D48B3A02B5EEF5F00A248E3 /* Alerts */,
				7D2093912B4F15A0003B2B2C /* Classes */,
				7DDA64502B0C7662008BF425 /* Dependencies */,
				7DE17DCF2AFE0546005F4848 /* Extensions */,
				7DE17DD02AFE0553005F4848 /* Modifiers */,
				7DE17DD12AFE0561005F4848 /* Protocols */,
				7D77E62F2B16550000B308A6 /* Styles */,
			);
			path = Utility;
			sourceTree = "<group>";
		};
		7DE17DCC2AFE04FD005F4848 /* Networking */ = {
			isa = PBXGroup;
			children = (
				7DDA64432B094CF0008BF425 /* Base */,
				7DE17E0C2B053C41005F4848 /* Tmdb */,
			);
			path = Networking;
			sourceTree = "<group>";
		};
		7DE17DCD2AFE050D005F4848 /* Support */ = {
			isa = PBXGroup;
			children = (
				7DE17DF42B01F8BA005F4848 /* Config */,
				7D6875322B4A73F100882EA9 /* Localization */,
				7D20938B2B4F147B003B2B2C /* Preferences */,
				7DE17DCA2AFE04E4005F4848 /* Resources */,
			);
			path = Support;
			sourceTree = "<group>";
		};
		7DE17DCE2AFE0528005F4848 /* Modules */ = {
			isa = PBXGroup;
			children = (
				7DE17DE82B01470B005F4848 /* Splash */,
				7DE17DD72AFFDE3B005F4848 /* Discovery */,
				7DDA64752B109525008BF425 /* Search */,
				7DA4DEEA2B20480900D8E292 /* Watchlist */,
				7D77E6262B13B6F300B308A6 /* MoviesList */,
				7D77E6172B113F3900B308A6 /* Movie */,
				7D513F7A2B17220D0040F913 /* Preferences */,
			);
			path = Modules;
			sourceTree = "<group>";
		};
		7DE17DCF2AFE0546005F4848 /* Extensions */ = {
			isa = PBXGroup;
			children = (
				7DB688B72B2CF8160007D98E /* SDWebImage */,
				7DE17DF52B01F957005F4848 /* Foundation */,
				7DDA64722B0FC328008BF425 /* SwiftUI */,
			);
			path = Extensions;
			sourceTree = "<group>";
		};
		7DE17DD02AFE0553005F4848 /* Modifiers */ = {
			isa = PBXGroup;
			children = (
				7DB688BE2B2E190A0007D98E /* DynamicSheetHeight.swift */,
				7DE17DD32AFE0BC1005F4848 /* OnFirstAppear.swift */,
				7DB688B02B2CF6E80007D98E /* ScrollViewOffset.swift */,
				7DD570962B4F2DAB00042F88 /* ColorSchemeAdjust.swift */,
				7DED6C4E2B61AE5D0085C777 /* ViewSizeReader.swift */,
			);
			path = Modifiers;
			sourceTree = "<group>";
		};
		7DE17DD12AFE0561005F4848 /* Protocols */ = {
			isa = PBXGroup;
			children = (
				7DB688C92B32173A0007D98E /* Person.swift */,
			);
			path = Protocols;
			sourceTree = "<group>";
		};
		7DE17DD72AFFDE3B005F4848 /* Discovery */ = {
			isa = PBXGroup;
			children = (
				7DE17DDA2AFFDE56005F4848 /* DiscoveryFeature.swift */,
				7DE17DD82AFFDE4E005F4848 /* DiscoveryView.swift */,
			);
			path = Discovery;
			sourceTree = "<group>";
		};
		7DE17DDC2B00B064005F4848 /* Models */ = {
			isa = PBXGroup;
			children = (
				7DE17DEF2B01F6A2005F4848 /* Genre.swift */,
				7DE17DDD2B00B073005F4848 /* Movie.swift */,
				7D48B3972B5B007A00A248E3 /* LikedMovie.swift */,
				7D7D83022B35637E00819A01 /* ProductionCountry.swift */,
				7DA4DEF92B28F77600D8E292 /* Movie Details */,
				7D6875352B4B29CA00882EA9 /* MoviesList */,
			);
			path = Models;
			sourceTree = "<group>";
		};
		7DE17DE82B01470B005F4848 /* Splash */ = {
			isa = PBXGroup;
			children = (
				7D8F6FF32B9597FB006F6B86 /* SplashFeature.swift */,
				7DE17DE92B014719005F4848 /* SplashView.swift */,
			);
			path = Splash;
			sourceTree = "<group>";
		};
		7DE17DF42B01F8BA005F4848 /* Config */ = {
			isa = PBXGroup;
			children = (
				7DE17E012B041357005F4848 /* Config.swift */,
				7DE17E062B0413CB005F4848 /* Debug.xcconfig */,
				7DE17E052B0413CB005F4848 /* Release.xcconfig */,
			);
			path = Config;
			sourceTree = "<group>";
		};
		7DE17DF52B01F957005F4848 /* Foundation */ = {
			isa = PBXGroup;
			children = (
				7DE17DF62B01F96A005F4848 /* Collection+Extension.swift */,
				7DB688B22B2CF7130007D98E /* Comparable+Extension.swift */,
				7DDA644E2B0AB02C008BF425 /* Data+Extension.swift */,
				7DDA64532B0DD407008BF425 /* Date+Extension.swift */,
				7DB688BA2B2D7D670007D98E /* Int+Extension.swift */,
				7D513F802B1A3D810040F913 /* Numeric+Extension.swift */,
				7DB688AC2B2CF4FF0007D98E /* ProcessInfo+Extension.swift */,
				7DDA643F2B094635008BF425 /* Result+Extension.swift */,
				7DE17E032B0413A1005F4848 /* String+Extension.swift */,
				7DDA644C2B0AB023008BF425 /* URLRequest+Extension.swift */,
			);
			path = Foundation;
			sourceTree = "<group>";
		};
		7DE17E0C2B053C41005F4848 /* Tmdb */ = {
			isa = PBXGroup;
			children = (
				7DDA64372B0798C1008BF425 /* TmdbAuthenticator.swift */,
				7DE17E0D2B053C4E005F4848 /* TmdbClient.swift */,
				7DDA64352B079863008BF425 /* TmdbEndpoint.swift */,
				7DE17DFA2B040D25005F4848 /* TmdbError.swift */,
				7D810E3C2B2B9945004A67AB /* JsonResolvers */,
				7DDA645D2B0E8C6D008BF425 /* Mocks */,
			);
			path = Tmdb;
			sourceTree = "<group>";
		};
		7DED6C512B61AF580085C777 /* Reusables */ = {
			isa = PBXGroup;
			children = (
				7DB688C02B3032550007D98E /* DynamicSheet.swift */,
				7DDA646E2B0FC2C1008BF425 /* SectionHeader.swift */,
				7DB688AE2B2CF6930007D98E /* StretchyHeader.swift */,
				7D77E62D2B15BCB500B308A6 /* TagCloudsView.swift */,
				7DED6C4C2B61ABA80085C777 /* TruncableText.swift */,
				7D003EF62B35659800E03E50 /* VerticalKeyValueView.swift */,
			);
			path = Reusables;
			sourceTree = "<group>";
		};
/* End PBXGroup section */

/* Begin PBXNativeTarget section */
		7D783B232B3F2719004BEEAD /* Movies-TCA-Tests */ = {
			isa = PBXNativeTarget;
			buildConfigurationList = 7D783B2A2B3F2719004BEEAD /* Build configuration list for PBXNativeTarget "Movies-TCA-Tests" */;
			buildPhases = (
				7D783B202B3F2719004BEEAD /* Sources */,
				7D783B212B3F2719004BEEAD /* Frameworks */,
				7D783B222B3F2719004BEEAD /* Resources */,
			);
			buildRules = (
			);
			dependencies = (
				7D783B292B3F2719004BEEAD /* PBXTargetDependency */,
			);
			name = "Movies-TCA-Tests";
			productName = "Movies-TCA-Tests";
			productReference = 7D783B242B3F2719004BEEAD /* Movies-TCA-Tests.xctest */;
			productType = "com.apple.product-type.bundle.unit-test";
		};
		7DD6D9692AF943B7004828AB /* Movies-TCA */ = {
			isa = PBXNativeTarget;
			buildConfigurationList = 7DD6D9782AF943B8004828AB /* Build configuration list for PBXNativeTarget "Movies-TCA" */;
			buildPhases = (
				7DD6D9662AF943B7004828AB /* Sources */,
				7DD6D9672AF943B7004828AB /* Frameworks */,
				7DD6D9682AF943B7004828AB /* Resources */,
			);
			buildRules = (
			);
			dependencies = (
			);
			name = "Movies-TCA";
			packageProductDependencies = (
				7DE17DC52AFE0325005F4848 /* ComposableArchitecture */,
				7DDA645B2B0E8ABF008BF425 /* SDWebImageSwiftUI */,
				7DD570A32B559EF100042F88 /* Pow */,
			);
			productName = "Movies-TCA";
			productReference = 7DD6D96A2AF943B7004828AB /* Movies-TCA.app */;
			productType = "com.apple.product-type.application";
		};
/* End PBXNativeTarget section */

/* Begin PBXProject section */
		7DD6D9622AF943B7004828AB /* Project object */ = {
			isa = PBXProject;
			attributes = {
				BuildIndependentTargetsInParallel = 1;
				LastSwiftUpdateCheck = 1500;
				LastUpgradeCheck = 1500;
				TargetAttributes = {
					7D783B232B3F2719004BEEAD = {
						CreatedOnToolsVersion = 15.0;
						LastSwiftMigration = 1500;
						TestTargetID = 7DD6D9692AF943B7004828AB;
					};
					7DD6D9692AF943B7004828AB = {
						CreatedOnToolsVersion = 15.0;
					};
				};
			};
			buildConfigurationList = 7DD6D9652AF943B7004828AB /* Build configuration list for PBXProject "Movies-TCA" */;
			compatibilityVersion = "Xcode 14.0";
			developmentRegion = en;
			hasScannedForEncodings = 0;
			knownRegions = (
				en,
				Base,
				he,
			);
			mainGroup = 7DD6D9612AF943B7004828AB;
			packageReferences = (
				7DE17DC42AFE0325005F4848 /* XCRemoteSwiftPackageReference "swift-composable-architecture" */,
				7DDA645A2B0E8ABF008BF425 /* XCRemoteSwiftPackageReference "SDWebImageSwiftUI" */,
				7DD570A22B559EF100042F88 /* XCRemoteSwiftPackageReference "Pow" */,
			);
			productRefGroup = 7DD6D96B2AF943B7004828AB /* Products */;
			projectDirPath = "";
			projectRoot = "";
			targets = (
				7DD6D9692AF943B7004828AB /* Movies-TCA */,
				7D783B232B3F2719004BEEAD /* Movies-TCA-Tests */,
			);
		};
/* End PBXProject section */

/* Begin PBXResourcesBuildPhase section */
		7D783B222B3F2719004BEEAD /* Resources */ = {
			isa = PBXResourcesBuildPhase;
			buildActionMask = 2147483647;
			files = (
			);
			runOnlyForDeploymentPostprocessing = 0;
		};
		7DD6D9682AF943B7004828AB /* Resources */ = {
			isa = PBXResourcesBuildPhase;
			buildActionMask = 2147483647;
			files = (
				7DE17E082B0413CB005F4848 /* Debug.xcconfig in Resources */,
				7D810E402B2B9CA7004A67AB /* MovieDetailsStub.json in Resources */,
				7DDA64652B0E8D0F008BF425 /* NowPlayingMoviesStub.json in Resources */,
				7DDA64692B0E8D3B008BF425 /* TopRatedMoviesStub.json in Resources */,
				7DDA64672B0E8D1A008BF425 /* UpcomingMoviesStub.json in Resources */,
				7DD6D9752AF943B8004828AB /* Preview Assets.xcassets in Resources */,
				7D6875342B4A740800882EA9 /* Localizable.xcstrings in Resources */,
				7DD6D9722AF943B8004828AB /* Assets.xcassets in Resources */,
				7DC8D1562B1B75DF00193A64 /* SearchMoviesStub.json in Resources */,
				7DE17E072B0413CB005F4848 /* Release.xcconfig in Resources */,
				7DDA64632B0E8D04008BF425 /* PopularMoviesStub.json in Resources */,
				7DDA645F2B0E8CBD008BF425 /* ListGenresStub.json in Resources */,
				7DC8D1582B1B78CF00193A64 /* DiscoverMoviesStub.json in Resources */,
			);
			runOnlyForDeploymentPostprocessing = 0;
		};
/* End PBXResourcesBuildPhase section */

/* Begin PBXSourcesBuildPhase section */
		7D783B202B3F2719004BEEAD /* Sources */ = {
			isa = PBXSourcesBuildPhase;
			buildActionMask = 2147483647;
			files = (
				7D68752F2B405D8300882EA9 /* HomeTests.swift in Sources */,
				7D783B2E2B3F2775004BEEAD /* RootTests.swift in Sources */,
			);
			runOnlyForDeploymentPostprocessing = 0;
		};
		7DD6D9662AF943B7004828AB /* Sources */ = {
			isa = PBXSourcesBuildPhase;
			buildActionMask = 2147483647;
			files = (
				7DDA64522B0C79B5008BF425 /* TmdbClientDependency.swift in Sources */,
				7DB688C82B32160A0007D98E /* CircularPersonImage.swift in Sources */,
				7DA4DEF22B28F35C00D8E292 /* CastMember.swift in Sources */,
				7D783B1B2B3A14D9004BEEAD /* CastMember+Preview.swift in Sources */,
				7D513F812B1A3D810040F913 /* Numeric+Extension.swift in Sources */,
				7D4BA76E2BAAC3EC00029DB4 /* SearchNavigator.swift in Sources */,
				7D783B1F2B3A1538004BEEAD /* MoviesList+Preview.swift in Sources */,
				7D4BA76B2BA78B1B00029DB4 /* DiscoveryNavigatorView.swift in Sources */,
				7DDA643A2B0799B1008BF425 /* Authenticating.swift in Sources */,
				7DC8D15C2B1E3BB800193A64 /* MovieListButton.swift in Sources */,
				7D20938D2B4F1490003B2B2C /* UserDefault.swift in Sources */,
				7DB688CA2B32173A0007D98E /* Person.swift in Sources */,
				7DE17DDE2B00B073005F4848 /* Movie.swift in Sources */,
				7D6875392B4B371A00882EA9 /* LocalizedStringKey+Extension.swift in Sources */,
				7DDA64742B0FC434008BF425 /* Font+Extension.swift in Sources */,
				7D77E6282B13B70C00B308A6 /* MoviesListView.swift in Sources */,
				7DE17DF72B01F96A005F4848 /* Collection+Extension.swift in Sources */,
				7DA4DEEE2B20483D00D8E292 /* WatchlistView.swift in Sources */,
				7D77E6192B113F4E00B308A6 /* MovieView.swift in Sources */,
				7DB688AF2B2CF6930007D98E /* StretchyHeader.swift in Sources */,
				7D8F6FEB2B9593E2006F6B86 /* RootNavigator.swift in Sources */,
				7DE17E022B041357005F4848 /* Config.swift in Sources */,
				7DDA646D2B0FC15D008BF425 /* MoviesCollectionView.swift in Sources */,
				7DDA64542B0DD407008BF425 /* Date+Extension.swift in Sources */,
				7DB688BF2B2E190A0007D98E /* DynamicSheetHeight.swift in Sources */,
				7DE17E142B068B72005F4848 /* NetworkManager.swift in Sources */,
				7DDA64712B0FC31D008BF425 /* EdgeInsets+Extension.swift in Sources */,
				7D783B302B3F2F17004BEEAD /* Genres+Preview.swift in Sources */,
				7D77E6322B16551700B308A6 /* TagButtonStyle.swift in Sources */,
				7DDA64592B0E8780008BF425 /* Constants.swift in Sources */,
				7DE17E042B0413A1005F4848 /* String+Extension.swift in Sources */,
				7DE17DD42AFE0BC1005F4848 /* OnFirstAppear.swift in Sources */,
				7D48B39A2B5BB22000A248E3 /* DatabaseDependency.swift in Sources */,
				7DA4DEFD2B28F7D000D8E292 /* MovieDetails.swift in Sources */,
				7D8F6FF42B9597FB006F6B86 /* SplashFeature.swift in Sources */,
				7D513F7E2B1722210040F913 /* PreferencesView.swift in Sources */,
				7D48B39F2B5D867800A248E3 /* CloseButton.swift in Sources */,
				7DE17E1F2B068C60005F4848 /* Endpoint.swift in Sources */,
				7DB688B32B2CF7130007D98E /* Comparable+Extension.swift in Sources */,
				7DDA646B2B0E8E25008BF425 /* Mock.swift in Sources */,
				7DE17DF02B01F6A2005F4848 /* Genre.swift in Sources */,
				7D20938F2B4F1539003B2B2C /* Preference.swift in Sources */,
				7DD570A12B54792200042F88 /* LikeButton.swift in Sources */,
				7DE17DFB2B040D25005F4848 /* TmdbError.swift in Sources */,
				7DDA64402B094635008BF425 /* Result+Extension.swift in Sources */,
				7D783B192B3A14C1004BEEAD /* MovieDetails+Preview.swift in Sources */,
				7D810E3E2B2B9967004A67AB /* MovieDetailsJsonResolver.swift in Sources */,
				7DDA646F2B0FC2C1008BF425 /* SectionHeader.swift in Sources */,
				7DB688BB2B2D7D670007D98E /* Int+Extension.swift in Sources */,
				7DB688C42B32126E0007D98E /* CastMembersView.swift in Sources */,
				7D77E62A2B13B71900B308A6 /* MoviesListFeature.swift in Sources */,
				7D4BA7662BA609C200029DB4 /* HomeNavigatorView.swift in Sources */,
				7D2093932B4F15AC003B2B2C /* PublisherObservableObject.swift in Sources */,
				7DDA643C2B07A8E2008BF425 /* JsonResolver.swift in Sources */,
				7DE17E0E2B053C4E005F4848 /* TmdbClient.swift in Sources */,
				7D20938A2B4F1457003B2B2C /* Preferences.swift in Sources */,
				7D4BA7702BAAC3F700029DB4 /* SearchNavigatorView.swift in Sources */,
				7DDA64422B094C8B008BF425 /* HTTPMethod.swift in Sources */,
				7D2093862B4D0754003B2B2C /* SettingLabelStyle.swift in Sources */,
				7DB688CD2B32C1330007D98E /* DirectorView.swift in Sources */,
				7DDA644F2B0AB02C008BF425 /* Data+Extension.swift in Sources */,
				7DE17DDB2AFFDE56005F4848 /* DiscoveryFeature.swift in Sources */,
				7D003EF92B35676000E03E50 /* AnyTransition+Extension.swift in Sources */,
				7DD570972B4F2DAB00042F88 /* ColorSchemeAdjust.swift in Sources */,
				7D8F6FED2B9593EE006F6B86 /* RootNavigatorView.swift in Sources */,
				7DB688B12B2CF6E80007D98E /* ScrollViewOffset.swift in Sources */,
				7DA4DEEC2B20483100D8E292 /* WatchlistFeature.swift in Sources */,
				7DE17E102B06861C005F4848 /* Errorable.swift in Sources */,
				7D6875372B4B29E900882EA9 /* MoviesListType.swift in Sources */,
				7DED6C4D2B61ABA80085C777 /* TruncableText.swift in Sources */,
				7DDA64362B079863008BF425 /* TmdbEndpoint.swift in Sources */,
				7DDA64772B10959C008BF425 /* SearchFeature.swift in Sources */,
				7D8F6FEF2B95948F006F6B86 /* AppDataDependency.swift in Sources */,
				7DE17DD92AFFDE4E005F4848 /* DiscoveryView.swift in Sources */,
				7DE17DEA2B014719005F4848 /* SplashView.swift in Sources */,
				7DDA64452B094DA8008BF425 /* HTTPTask.swift in Sources */,
				7DA4DEF42B28F39F00D8E292 /* CrewMember.swift in Sources */,
				7D4BA7692BA78B1300029DB4 /* DiscoveryNavigator.swift in Sources */,
				7D783B1D2B3A14F5004BEEAD /* CrewMember+Preview.swift in Sources */,
				7DB688C62B3212EF0007D98E /* MovieHeaderView.swift in Sources */,
				7D77E61B2B113F5800B308A6 /* MovieFeature.swift in Sources */,
				7DDA64382B0798C1008BF425 /* TmdbAuthenticator.swift in Sources */,
				7DB688B92B2CF8240007D98E /* WebImage+Extension.swift in Sources */,
				7DB688AD2B2CF4FF0007D98E /* ProcessInfo+Extension.swift in Sources */,
				7DDA64792B1095A6008BF425 /* SearchView.swift in Sources */,
				7DD6D96E2AF943B7004828AB /* MoviesApp.swift in Sources */,
				7D8F6FF12B9594BD006F6B86 /* AppData.swift in Sources */,
				7DED6C4F2B61AE5D0085C777 /* ViewSizeReader.swift in Sources */,
				7D783B172B3A14A2004BEEAD /* Movie+Preview.swift in Sources */,
				7D003EF72B35659800E03E50 /* VerticalKeyValueView.swift in Sources */,
				7DDA64572B0E7DB8008BF425 /* MoviesPagerView.swift in Sources */,
				7D4BA7642BA609B700029DB4 /* HomeNavigator.swift in Sources */,
				7D48B3A22B5EEF7000A248E3 /* Watchlist+Alerts.swift in Sources */,
				7DB688C12B3032550007D98E /* DynamicSheet.swift in Sources */,
				7DDA644D2B0AB023008BF425 /* URLRequest+Extension.swift in Sources */,
				7D513F7C2B17221A0040F913 /* PreferencesFeature.swift in Sources */,
				7D48B3982B5B007A00A248E3 /* LikedMovie.swift in Sources */,
				7D7D83032B35637E00819A01 /* ProductionCountry.swift in Sources */,
				7DC8D15A2B1B793D00193A64 /* MoviesList.swift in Sources */,
				7DA4DEF02B28F30F00D8E292 /* Credits.swift in Sources */,
				7D77E62E2B15BCB500B308A6 /* TagCloudsView.swift in Sources */,
			);
			runOnlyForDeploymentPostprocessing = 0;
		};
/* End PBXSourcesBuildPhase section */

/* Begin PBXTargetDependency section */
		7D783B292B3F2719004BEEAD /* PBXTargetDependency */ = {
			isa = PBXTargetDependency;
			target = 7DD6D9692AF943B7004828AB /* Movies-TCA */;
			targetProxy = 7D783B282B3F2719004BEEAD /* PBXContainerItemProxy */;
		};
/* End PBXTargetDependency section */

/* Begin XCBuildConfiguration section */
		7D783B2B2B3F2719004BEEAD /* Debug */ = {
			isa = XCBuildConfiguration;
			buildSettings = {
				BUNDLE_LOADER = "$(TEST_HOST)";
				CLANG_ENABLE_MODULES = YES;
				CODE_SIGN_STYLE = Automatic;
				CURRENT_PROJECT_VERSION = 1;
				DEVELOPMENT_TEAM = 765F9357QN;
				GENERATE_INFOPLIST_FILE = YES;
				MARKETING_VERSION = 1.0;
				PRODUCT_BUNDLE_IDENTIFIER = "com.tt.Movies-TCA-Tests";
				PRODUCT_NAME = "$(TARGET_NAME)";
				SWIFT_EMIT_LOC_STRINGS = NO;
				SWIFT_OPTIMIZATION_LEVEL = "-Onone";
				SWIFT_VERSION = 5.0;
				TARGETED_DEVICE_FAMILY = "1,2";
				TEST_HOST = "$(BUILT_PRODUCTS_DIR)/Movies-TCA.app/$(BUNDLE_EXECUTABLE_FOLDER_PATH)/Movies-TCA";
			};
			name = Debug;
		};
		7D783B2C2B3F2719004BEEAD /* Release */ = {
			isa = XCBuildConfiguration;
			buildSettings = {
				BUNDLE_LOADER = "$(TEST_HOST)";
				CLANG_ENABLE_MODULES = YES;
				CODE_SIGN_STYLE = Automatic;
				CURRENT_PROJECT_VERSION = 1;
				DEVELOPMENT_TEAM = 765F9357QN;
				GENERATE_INFOPLIST_FILE = YES;
				MARKETING_VERSION = 1.0;
				PRODUCT_BUNDLE_IDENTIFIER = "com.tt.Movies-TCA-Tests";
				PRODUCT_NAME = "$(TARGET_NAME)";
				SWIFT_EMIT_LOC_STRINGS = NO;
				SWIFT_VERSION = 5.0;
				TARGETED_DEVICE_FAMILY = "1,2";
				TEST_HOST = "$(BUILT_PRODUCTS_DIR)/Movies-TCA.app/$(BUNDLE_EXECUTABLE_FOLDER_PATH)/Movies-TCA";
			};
			name = Release;
		};
		7DD6D9762AF943B8004828AB /* Debug */ = {
			isa = XCBuildConfiguration;
			baseConfigurationReference = 7DE17E062B0413CB005F4848 /* Debug.xcconfig */;
			buildSettings = {
				ALWAYS_SEARCH_USER_PATHS = NO;
				ASSETCATALOG_COMPILER_GENERATE_SWIFT_ASSET_SYMBOL_EXTENSIONS = YES;
				CLANG_ANALYZER_NONNULL = YES;
				CLANG_ANALYZER_NUMBER_OBJECT_CONVERSION = YES_AGGRESSIVE;
				CLANG_CXX_LANGUAGE_STANDARD = "gnu++20";
				CLANG_ENABLE_MODULES = YES;
				CLANG_ENABLE_OBJC_ARC = YES;
				CLANG_ENABLE_OBJC_WEAK = YES;
				CLANG_WARN_BLOCK_CAPTURE_AUTORELEASING = YES;
				CLANG_WARN_BOOL_CONVERSION = YES;
				CLANG_WARN_COMMA = YES;
				CLANG_WARN_CONSTANT_CONVERSION = YES;
				CLANG_WARN_DEPRECATED_OBJC_IMPLEMENTATIONS = YES;
				CLANG_WARN_DIRECT_OBJC_ISA_USAGE = YES_ERROR;
				CLANG_WARN_DOCUMENTATION_COMMENTS = YES;
				CLANG_WARN_EMPTY_BODY = YES;
				CLANG_WARN_ENUM_CONVERSION = YES;
				CLANG_WARN_INFINITE_RECURSION = YES;
				CLANG_WARN_INT_CONVERSION = YES;
				CLANG_WARN_NON_LITERAL_NULL_CONVERSION = YES;
				CLANG_WARN_OBJC_IMPLICIT_RETAIN_SELF = YES;
				CLANG_WARN_OBJC_LITERAL_CONVERSION = YES;
				CLANG_WARN_OBJC_ROOT_CLASS = YES_ERROR;
				CLANG_WARN_QUOTED_INCLUDE_IN_FRAMEWORK_HEADER = YES;
				CLANG_WARN_RANGE_LOOP_ANALYSIS = YES;
				CLANG_WARN_STRICT_PROTOTYPES = YES;
				CLANG_WARN_SUSPICIOUS_MOVE = YES;
				CLANG_WARN_UNGUARDED_AVAILABILITY = YES_AGGRESSIVE;
				CLANG_WARN_UNREACHABLE_CODE = YES;
				CLANG_WARN__DUPLICATE_METHOD_MATCH = YES;
				COPY_PHASE_STRIP = NO;
				DEBUG_INFORMATION_FORMAT = dwarf;
				ENABLE_STRICT_OBJC_MSGSEND = YES;
				ENABLE_TESTABILITY = YES;
				ENABLE_USER_SCRIPT_SANDBOXING = YES;
				GCC_C_LANGUAGE_STANDARD = gnu17;
				GCC_DYNAMIC_NO_PIC = NO;
				GCC_NO_COMMON_BLOCKS = YES;
				GCC_OPTIMIZATION_LEVEL = 0;
				GCC_PREPROCESSOR_DEFINITIONS = (
					"DEBUG=1",
					"$(inherited)",
				);
				GCC_WARN_64_TO_32_BIT_CONVERSION = YES;
				GCC_WARN_ABOUT_RETURN_TYPE = YES_ERROR;
				GCC_WARN_UNDECLARED_SELECTOR = YES;
				GCC_WARN_UNINITIALIZED_AUTOS = YES_AGGRESSIVE;
				GCC_WARN_UNUSED_FUNCTION = YES;
				GCC_WARN_UNUSED_VARIABLE = YES;
				IPHONEOS_DEPLOYMENT_TARGET = 17.0;
				LOCALIZATION_PREFERS_STRING_CATALOGS = YES;
				MTL_ENABLE_DEBUG_INFO = INCLUDE_SOURCE;
				MTL_FAST_MATH = YES;
				ONLY_ACTIVE_ARCH = YES;
				SDKROOT = iphoneos;
				SWIFT_ACTIVE_COMPILATION_CONDITIONS = "DEBUG $(inherited)";
				SWIFT_OPTIMIZATION_LEVEL = "-Onone";
				SWIFT_STRICT_CONCURRENCY = complete;
			};
			name = Debug;
		};
		7DD6D9772AF943B8004828AB /* Release */ = {
			isa = XCBuildConfiguration;
			baseConfigurationReference = 7DE17E052B0413CB005F4848 /* Release.xcconfig */;
			buildSettings = {
				ALWAYS_SEARCH_USER_PATHS = NO;
				ASSETCATALOG_COMPILER_GENERATE_SWIFT_ASSET_SYMBOL_EXTENSIONS = YES;
				CLANG_ANALYZER_NONNULL = YES;
				CLANG_ANALYZER_NUMBER_OBJECT_CONVERSION = YES_AGGRESSIVE;
				CLANG_CXX_LANGUAGE_STANDARD = "gnu++20";
				CLANG_ENABLE_MODULES = YES;
				CLANG_ENABLE_OBJC_ARC = YES;
				CLANG_ENABLE_OBJC_WEAK = YES;
				CLANG_WARN_BLOCK_CAPTURE_AUTORELEASING = YES;
				CLANG_WARN_BOOL_CONVERSION = YES;
				CLANG_WARN_COMMA = YES;
				CLANG_WARN_CONSTANT_CONVERSION = YES;
				CLANG_WARN_DEPRECATED_OBJC_IMPLEMENTATIONS = YES;
				CLANG_WARN_DIRECT_OBJC_ISA_USAGE = YES_ERROR;
				CLANG_WARN_DOCUMENTATION_COMMENTS = YES;
				CLANG_WARN_EMPTY_BODY = YES;
				CLANG_WARN_ENUM_CONVERSION = YES;
				CLANG_WARN_INFINITE_RECURSION = YES;
				CLANG_WARN_INT_CONVERSION = YES;
				CLANG_WARN_NON_LITERAL_NULL_CONVERSION = YES;
				CLANG_WARN_OBJC_IMPLICIT_RETAIN_SELF = YES;
				CLANG_WARN_OBJC_LITERAL_CONVERSION = YES;
				CLANG_WARN_OBJC_ROOT_CLASS = YES_ERROR;
				CLANG_WARN_QUOTED_INCLUDE_IN_FRAMEWORK_HEADER = YES;
				CLANG_WARN_RANGE_LOOP_ANALYSIS = YES;
				CLANG_WARN_STRICT_PROTOTYPES = YES;
				CLANG_WARN_SUSPICIOUS_MOVE = YES;
				CLANG_WARN_UNGUARDED_AVAILABILITY = YES_AGGRESSIVE;
				CLANG_WARN_UNREACHABLE_CODE = YES;
				CLANG_WARN__DUPLICATE_METHOD_MATCH = YES;
				COPY_PHASE_STRIP = NO;
				DEBUG_INFORMATION_FORMAT = "dwarf-with-dsym";
				ENABLE_NS_ASSERTIONS = NO;
				ENABLE_STRICT_OBJC_MSGSEND = YES;
				ENABLE_USER_SCRIPT_SANDBOXING = YES;
				GCC_C_LANGUAGE_STANDARD = gnu17;
				GCC_NO_COMMON_BLOCKS = YES;
				GCC_WARN_64_TO_32_BIT_CONVERSION = YES;
				GCC_WARN_ABOUT_RETURN_TYPE = YES_ERROR;
				GCC_WARN_UNDECLARED_SELECTOR = YES;
				GCC_WARN_UNINITIALIZED_AUTOS = YES_AGGRESSIVE;
				GCC_WARN_UNUSED_FUNCTION = YES;
				GCC_WARN_UNUSED_VARIABLE = YES;
				IPHONEOS_DEPLOYMENT_TARGET = 17.0;
				LOCALIZATION_PREFERS_STRING_CATALOGS = YES;
				MTL_ENABLE_DEBUG_INFO = NO;
				MTL_FAST_MATH = YES;
				SDKROOT = iphoneos;
				SWIFT_COMPILATION_MODE = wholemodule;
				SWIFT_STRICT_CONCURRENCY = complete;
				VALIDATE_PRODUCT = YES;
			};
			name = Release;
		};
		7DD6D9792AF943B8004828AB /* Debug */ = {
			isa = XCBuildConfiguration;
			baseConfigurationReference = 7DE17E062B0413CB005F4848 /* Debug.xcconfig */;
			buildSettings = {
				ASSETCATALOG_COMPILER_APPICON_NAME = AppIcon;
				ASSETCATALOG_COMPILER_GLOBAL_ACCENT_COLOR_NAME = AccentColor;
				CODE_SIGN_STYLE = Automatic;
				CURRENT_PROJECT_VERSION = 1;
				DEVELOPMENT_ASSET_PATHS = "\"Movies-TCA/Support/Resources/Preview Content\"";
				DEVELOPMENT_TEAM = 765F9357QN;
				ENABLE_PREVIEWS = YES;
				GENERATE_INFOPLIST_FILE = YES;
				INFOPLIST_FILE = "Movies-TCA/Info.plist";
				INFOPLIST_KEY_LSApplicationCategoryType = "";
				INFOPLIST_KEY_UIApplicationSceneManifest_Generation = YES;
				INFOPLIST_KEY_UIApplicationSupportsIndirectInputEvents = YES;
				INFOPLIST_KEY_UILaunchScreen_Generation = YES;
				INFOPLIST_KEY_UISupportedInterfaceOrientations_iPad = "UIInterfaceOrientationPortrait UIInterfaceOrientationPortraitUpsideDown UIInterfaceOrientationLandscapeLeft UIInterfaceOrientationLandscapeRight";
				INFOPLIST_KEY_UISupportedInterfaceOrientations_iPhone = "UIInterfaceOrientationPortrait UIInterfaceOrientationLandscapeLeft UIInterfaceOrientationLandscapeRight";
				LD_RUNPATH_SEARCH_PATHS = (
					"$(inherited)",
					"@executable_path/Frameworks",
				);
				MARKETING_VERSION = 1.0;
				PRODUCT_BUNDLE_IDENTIFIER = "com.tt.Movies-TCA";
				PRODUCT_NAME = "$(TARGET_NAME)";
				SWIFT_EMIT_LOC_STRINGS = YES;
				SWIFT_VERSION = 5.0;
				TARGETED_DEVICE_FAMILY = "1,2";
			};
			name = Debug;
		};
		7DD6D97A2AF943B8004828AB /* Release */ = {
			isa = XCBuildConfiguration;
			baseConfigurationReference = 7DE17E052B0413CB005F4848 /* Release.xcconfig */;
			buildSettings = {
				ASSETCATALOG_COMPILER_APPICON_NAME = AppIcon;
				ASSETCATALOG_COMPILER_GLOBAL_ACCENT_COLOR_NAME = AccentColor;
				CODE_SIGN_STYLE = Automatic;
				CURRENT_PROJECT_VERSION = 1;
				DEVELOPMENT_ASSET_PATHS = "\"Movies-TCA/Support/Resources/Preview Content\"";
				DEVELOPMENT_TEAM = 765F9357QN;
				ENABLE_PREVIEWS = YES;
				GENERATE_INFOPLIST_FILE = YES;
				INFOPLIST_FILE = "Movies-TCA/Info.plist";
				INFOPLIST_KEY_LSApplicationCategoryType = "";
				INFOPLIST_KEY_UIApplicationSceneManifest_Generation = YES;
				INFOPLIST_KEY_UIApplicationSupportsIndirectInputEvents = YES;
				INFOPLIST_KEY_UILaunchScreen_Generation = YES;
				INFOPLIST_KEY_UISupportedInterfaceOrientations_iPad = "UIInterfaceOrientationPortrait UIInterfaceOrientationPortraitUpsideDown UIInterfaceOrientationLandscapeLeft UIInterfaceOrientationLandscapeRight";
				INFOPLIST_KEY_UISupportedInterfaceOrientations_iPhone = "UIInterfaceOrientationPortrait UIInterfaceOrientationLandscapeLeft UIInterfaceOrientationLandscapeRight";
				LD_RUNPATH_SEARCH_PATHS = (
					"$(inherited)",
					"@executable_path/Frameworks",
				);
				MARKETING_VERSION = 1.0;
				PRODUCT_BUNDLE_IDENTIFIER = "com.tt.Movies-TCA";
				PRODUCT_NAME = "$(TARGET_NAME)";
				SWIFT_EMIT_LOC_STRINGS = YES;
				SWIFT_VERSION = 5.0;
				TARGETED_DEVICE_FAMILY = "1,2";
			};
			name = Release;
		};
/* End XCBuildConfiguration section */

/* Begin XCConfigurationList section */
		7D783B2A2B3F2719004BEEAD /* Build configuration list for PBXNativeTarget "Movies-TCA-Tests" */ = {
			isa = XCConfigurationList;
			buildConfigurations = (
				7D783B2B2B3F2719004BEEAD /* Debug */,
				7D783B2C2B3F2719004BEEAD /* Release */,
			);
			defaultConfigurationIsVisible = 0;
			defaultConfigurationName = Release;
		};
		7DD6D9652AF943B7004828AB /* Build configuration list for PBXProject "Movies-TCA" */ = {
			isa = XCConfigurationList;
			buildConfigurations = (
				7DD6D9762AF943B8004828AB /* Debug */,
				7DD6D9772AF943B8004828AB /* Release */,
			);
			defaultConfigurationIsVisible = 0;
			defaultConfigurationName = Release;
		};
		7DD6D9782AF943B8004828AB /* Build configuration list for PBXNativeTarget "Movies-TCA" */ = {
			isa = XCConfigurationList;
			buildConfigurations = (
				7DD6D9792AF943B8004828AB /* Debug */,
				7DD6D97A2AF943B8004828AB /* Release */,
			);
			defaultConfigurationIsVisible = 0;
			defaultConfigurationName = Release;
		};
/* End XCConfigurationList section */

/* Begin XCRemoteSwiftPackageReference section */
		7DD570A22B559EF100042F88 /* XCRemoteSwiftPackageReference "Pow" */ = {
			isa = XCRemoteSwiftPackageReference;
			repositoryURL = "https://github.com/EmergeTools/Pow";
			requirement = {
				kind = upToNextMinorVersion;
				minimumVersion = 1.0.3;
			};
		};
		7DDA645A2B0E8ABF008BF425 /* XCRemoteSwiftPackageReference "SDWebImageSwiftUI" */ = {
			isa = XCRemoteSwiftPackageReference;
			repositoryURL = "https://github.com/SDWebImage/SDWebImageSwiftUI.git";
			requirement = {
				kind = upToNextMajorVersion;
				minimumVersion = 2.2.4;
			};
		};
		7DE17DC42AFE0325005F4848 /* XCRemoteSwiftPackageReference "swift-composable-architecture" */ = {
			isa = XCRemoteSwiftPackageReference;
			repositoryURL = "https://github.com/pointfreeco/swift-composable-architecture";
			requirement = {
				kind = upToNextMinorVersion;
				minimumVersion = 1.8.0;
			};
		};
/* End XCRemoteSwiftPackageReference section */

/* Begin XCSwiftPackageProductDependency section */
		7DD570A32B559EF100042F88 /* Pow */ = {
			isa = XCSwiftPackageProductDependency;
			package = 7DD570A22B559EF100042F88 /* XCRemoteSwiftPackageReference "Pow" */;
			productName = Pow;
		};
		7DDA645B2B0E8ABF008BF425 /* SDWebImageSwiftUI */ = {
			isa = XCSwiftPackageProductDependency;
			package = 7DDA645A2B0E8ABF008BF425 /* XCRemoteSwiftPackageReference "SDWebImageSwiftUI" */;
			productName = SDWebImageSwiftUI;
		};
		7DE17DC52AFE0325005F4848 /* ComposableArchitecture */ = {
			isa = XCSwiftPackageProductDependency;
			package = 7DE17DC42AFE0325005F4848 /* XCRemoteSwiftPackageReference "swift-composable-architecture" */;
			productName = ComposableArchitecture;
		};
/* End XCSwiftPackageProductDependency section */
	};
	rootObject = 7DD6D9622AF943B7004828AB /* Project object */;
}
